<?xml version="1.0" encoding="utf-8"?>
<Project ToolsVersion="4.0" xmlns="http://schemas.microsoft.com/developer/msbuild/2003">
  <ItemGroup>
    <Filter Include="Source Files">
      <UniqueIdentifier>{4FC737F1-C7A5-4376-A066-2A32D752A2FF}</UniqueIdentifier>
      <Extensions>cpp;c;cc;cxx;c++;cppm;ixx;def;odl;idl;hpj;bat;asm;asmx</Extensions>
    </Filter>
    <Filter Include="Header Files">
      <UniqueIdentifier>{93995380-89BD-4b04-88EB-625FBE52EBFB}</UniqueIdentifier>
      <Extensions>h;hh;hpp;hxx;h++;hm;inl;inc;ipp;xsd</Extensions>
    </Filter>
    <Filter Include="Resource Files">
      <UniqueIdentifier>{67DA6AB6-F800-4c08-8B7A-83BB121AAD01}</UniqueIdentifier>
      <Extensions>rc;ico;cur;bmp;dlg;rc2;rct;bin;rgs;gif;jpg;jpeg;jpe;resx;tiff;tif;png;wav;mfcribbon-ms</Extensions>
    </Filter>
  </ItemGroup>
  <ItemGroup>
    <ClCompile Include="source\ExperimentalInterprocess.cpp">
      <Filter>Source Files</Filter>
    </ClCompile>
    <ClCompile Include="source\Interprocess.cpp">
      <Filter>Source Files</Filter>
    </ClCompile>
    <ClCompile Include="source\metadata\MetadataValidators.cpp">
      <Filter>Source Files</Filter>
    </ClCompile>
    <ClCompile Include="source\IntrospectionPopulators.cpp">
      <Filter>Source Files</Filter>
    </ClCompile>
    <ClCompile Include="source\IntrospectionHelpers.cpp">
      <Filter>Source Files</Filter>
    </ClCompile>
    <ClCompile Include="source\PmStatusError.cpp">
      <Filter>Source Files</Filter>
    </ClCompile>
  </ItemGroup>
  <ItemGroup>
    <ClInclude Include="source\ExperimentalInterprocess.h">
      <Filter>Header Files</Filter>
    </ClInclude>
    <ClInclude Include="source\Interprocess.h">
      <Filter>Header Files</Filter>
    </ClInclude>
    <ClInclude Include="source\IntrospectionTransfer.h">
      <Filter>Header Files</Filter>
    </ClInclude>
    <ClInclude Include="source\IntrospectionMacroHelpers.h">
      <Filter>Header Files</Filter>
    </ClInclude>
    <ClInclude Include="source\IntrospectionMetadata.h">
      <Filter>Header Files</Filter>
    </ClInclude>
    <ClInclude Include="source\IntrospectionPopulators.h">
      <Filter>Header Files</Filter>
    </ClInclude>
    <ClInclude Include="source\IntrospectionCloneAllocators.h">
      <Filter>Header Files</Filter>
    </ClInclude>
    <ClInclude Include="source\SharedMemoryTypes.h">
      <Filter>Header Files</Filter>
    </ClInclude>
    <ClInclude Include="source\metadata\EnumStatus.h">
      <Filter>Header Files</Filter>
    </ClInclude>
    <ClInclude Include="source\metadata\EnumMetricType.h">
      <Filter>Header Files</Filter>
    </ClInclude>
    <ClInclude Include="source\metadata\EnumDeviceVendor.h">
      <Filter>Header Files</Filter>
    </ClInclude>
    <ClInclude Include="source\metadata\EnumPresentMode.h">
      <Filter>Header Files</Filter>
    </ClInclude>
    <ClInclude Include="source\metadata\EnumUnit.h">
      <Filter>Header Files</Filter>
    </ClInclude>
    <ClInclude Include="source\metadata\EnumStat.h">
      <Filter>Header Files</Filter>
    </ClInclude>
    <ClInclude Include="source\metadata\EnumDataType.h">
      <Filter>Header Files</Filter>
    </ClInclude>
    <ClInclude Include="source\metadata\EnumGraphicsRuntime.h">
      <Filter>Header Files</Filter>
    </ClInclude>
    <ClInclude Include="source\metadata\EnumDeviceType.h">
      <Filter>Header Files</Filter>
    </ClInclude>
    <ClInclude Include="source\metadata\EnumMetricAvailability.h">
      <Filter>Header Files</Filter>
    </ClInclude>
    <ClInclude Include="source\metadata\MasterEnumList.h">
      <Filter>Header Files</Filter>
    </ClInclude>
    <ClInclude Include="source\metadata\MetricList.h">
      <Filter>Header Files</Filter>
    </ClInclude>
    <ClInclude Include="source\metadata\UnitList.h">
      <Filter>Header Files</Filter>
    </ClInclude>
    <ClInclude Include="source\metadata\PreferredUnitList.h">
      <Filter>Header Files</Filter>
    </ClInclude>
    <ClInclude Include="source\metadata\StatsShortcuts.h">
      <Filter>Header Files</Filter>
    </ClInclude>
    <ClInclude Include="source\IntrospectionCapsLookup.h">
      <Filter>Header Files</Filter>
    </ClInclude>
    <ClInclude Include="source\IntrospectionHelpers.h">
      <Filter>Header Files</Filter>
    </ClInclude>
    <ClInclude Include="source\IntrospectionDataTypeMapping.h">
      <Filter>Header Files</Filter>
    </ClInclude>
    <ClInclude Include="source\metadata\EnumNullEnum.h">
      <Filter>Header Files</Filter>
    </ClInclude>
    <ClInclude Include="source\metadata\EnumFrameType.h">
      <Filter>Header Files</Filter>
    </ClInclude>
    <ClInclude Include="source\act\AsyncAction.h">
      <Filter>Header Files</Filter>
    </ClInclude>
    <ClInclude Include="source\act\AsyncActionCollection.h">
      <Filter>Header Files</Filter>
    </ClInclude>
    <ClInclude Include="source\act\AsyncActionManager.h">
      <Filter>Header Files</Filter>
    </ClInclude>
    <ClInclude Include="source\act\Packet.h">
      <Filter>Header Files</Filter>
    </ClInclude>
    <ClInclude Include="source\act\Transfer.h">
      <Filter>Header Files</Filter>
    </ClInclude>
    <ClInclude Include="source\PmStatusError.h">
      <Filter>Header Files</Filter>
    </ClInclude>
    <ClInclude Include="source\act\ActionExecutionError.h">
      <Filter>Header Files</Filter>
    </ClInclude>
  </ItemGroup>
</Project>