Microsoft Visual Studio Solution File, Format Version 12.00
# Visual Studio Version 17
VisualStudioVersion = 17.6.33723.286
MinimumVisualStudioVersion = 10.0.40219.1
Project("{930C7802-8A8C-48F9-8165-68863BCCD9DD}") = "PMInstaller", "IntelPresentMon\PMInstaller\PMInstaller.wixproj", "{BB48BBC7-E308-4DA5-AB22-16D7A8D1EB3E}"
	ProjectSection(ProjectDependencies) = postProject
		{0F60DFD9-208E-443E-8D01-43C902B458A6} = {0F60DFD9-208E-443E-8D01-43C902B458A6}
		{3C39C9BC-0E85-42C0-894C-3561BB93E87F} = {3C39C9BC-0E85-42C0-894C-3561BB93E87F}
		{4EB9794B-1F12-48CE-ADC1-917E9810F29E} = {4EB9794B-1F12-48CE-ADC1-917E9810F29E}
		{57ABAF22-837A-4DA3-9C92-1BA37CCFA550} = {57ABAF22-837A-4DA3-9C92-1BA37CCFA550}
		{66E9F6C5-28DB-4218-81B9-31E0E146ECC0} = {66E9F6C5-28DB-4218-81B9-31E0E146ECC0}
		{79FE382A-C29C-4C32-A028-B8D1ABDF51B0} = {79FE382A-C29C-4C32-A028-B8D1ABDF51B0}
		{7A1C7F0B-ECB3-4C98-B74E-E5BBA63BA4A7} = {7A1C7F0B-ECB3-4C98-B74E-E5BBA63BA4A7}
		{807370FB-ADE0-403A-A278-DF50893E5F94} = {807370FB-ADE0-403A-A278-DF50893E5F94}
		{808F5EA9-EA09-4D72-87B4-5397D43CBA54} = {808F5EA9-EA09-4D72-87B4-5397D43CBA54}
		{892028E5-32F6-45FC-8AB2-90FCBCAC4BF6} = {892028E5-32F6-45FC-8AB2-90FCBCAC4BF6}
		{9E3C74BB-12BB-40AC-86BF-818D20140CBA} = {9E3C74BB-12BB-40AC-86BF-818D20140CBA}
		{BF43064B-01F0-4C69-91FB-C2122BAF621D} = {BF43064B-01F0-4C69-91FB-C2122BAF621D}
		{F7D9E1CD-298D-465A-82D2-8778C860BC46} = {F7D9E1CD-298D-465A-82D2-8778C860BC46}
	EndProjectSection
EndProject
Project("{FAE04EC0-301F-11D3-BF4B-00C04F79EFBC}") = "PMInstallerExtension", "IntelPresentMon\PMInstallerExtension\PMInstallerExtension.csproj", "{9E3C74BB-12BB-40AC-86BF-818D20140CBA}"
EndProject
Project("{8BC9CEB8-8B4A-11D0-8D11-00A0C91BC942}") = "CefNano", "IntelPresentMon\AppCef\CefNano.vcxproj", "{3C80B001-E165-4E0E-A92D-5767CF4FB1F8}"
EndProject
Project("{2150E333-8FDC-42A3-9474-1A3956D46DE8}") = "SDK", "SDK", "{6DCB803B-9FCE-456C-87B9-1365F59BD190}"
EndProject
Project("{8BC9CEB8-8B4A-11D0-8D11-00A0C91BC942}") = "PresentMonService", "IntelPresentMon\PresentMonService\PresentMonService.vcxproj", "{3A848E5B-A376-4A22-BBAC-E9B3C01BD385}"
EndProject
Project("{8BC9CEB8-8B4A-11D0-8D11-00A0C91BC942}") = "PresentMonUtils", "IntelPresentMon\PresentMonUtils\PresentMonUtils.vcxproj", "{66E9F6C5-28DB-4218-81B9-31E0E146ECC0}"
EndProject
Project("{8BC9CEB8-8B4A-11D0-8D11-00A0C91BC942}") = "ControlLib", "IntelPresentMon\ControlLib\ControlLib.vcxproj", "{3C39C9BC-0E85-42C0-894C-3561BB93E87F}"
EndProject
Project("{8BC9CEB8-8B4A-11D0-8D11-00A0C91BC942}") = "Streamer", "IntelPresentMon\Streamer\Streamer.vcxproj", "{BF43064B-01F0-4C69-91FB-C2122BAF621D}"
EndProject
Project("{8BC9CEB8-8B4A-11D0-8D11-00A0C91BC942}") = "PresentData", "PresentData\PresentData.vcxproj", "{892028E5-32F6-45FC-8AB2-90FCBCAC4BF6}"
EndProject
Project("{8BC9CEB8-8B4A-11D0-8D11-00A0C91BC942}") = "Core", "IntelPresentMon\Core\Core.vcxproj", "{808F5EA9-EA09-4D72-87B4-5397D43CBA54}"
EndProject
Project("{2150E333-8FDC-42A3-9474-1A3956D46DE8}") = "Installer", "Installer", "{61877103-313D-4140-8449-834D5D73C72E}"
EndProject
Project("{2150E333-8FDC-42A3-9474-1A3956D46DE8}") = "Samples", "Samples", "{B60F7D25-F7B1-4D91-AC59-34AE02E7E1C5}"
EndProject
Project("{8BC9CEB8-8B4A-11D0-8D11-00A0C91BC942}") = "SampleClient", "IntelPresentMon\SampleClient\SampleClient.vcxproj", "{79FE382A-C29C-4C32-A028-B8D1ABDF51B0}"
EndProject
Project("{8BC9CEB8-8B4A-11D0-8D11-00A0C91BC942}") = "SampleStreamerClient", "IntelPresentMon\SampleStreamerClient\SampleStreamerClient.vcxproj", "{57ABAF22-837A-4DA3-9C92-1BA37CCFA550}"
EndProject
Project("{2150E333-8FDC-42A3-9474-1A3956D46DE8}") = "PresentMon", "PresentMon", "{9FFA4649-52C4-4492-83DF-2F417C8E3819}"
EndProject
Project("{2150E333-8FDC-42A3-9474-1A3956D46DE8}") = "p2c", "p2c", "{0015EC44-0BF0-4F05-80CF-72000771F6EB}"
EndProject
Project("{8BC9CEB8-8B4A-11D0-8D11-00A0C91BC942}") = "PresentMon", "PresentMon\PresentMon.vcxproj", "{4EB9794B-1F12-48CE-ADC1-917E9810F29E}"
	ProjectSection(ProjectDependencies) = postProject
		{892028E5-32F6-45FC-8AB2-90FCBCAC4BF6} = {892028E5-32F6-45FC-8AB2-90FCBCAC4BF6}
	EndProjectSection
EndProject
Project("{8BC9CEB8-8B4A-11D0-8D11-00A0C91BC942}") = "PresentMonUnitTests", "IntelPresentMon\UnitTests\UnitTests.vcxproj", "{7A1C7F0B-ECB3-4C98-B74E-E5BBA63BA4A7}"
EndProject
Project("{8BC9CEB8-8B4A-11D0-8D11-00A0C91BC942}") = "PresentMonTests", "Tests\PresentMonTests.vcxproj", "{0F60DFD9-208E-443E-8D01-43C902B458A6}"
EndProject
Project("{8BC9CEB8-8B4A-11D0-8D11-00A0C91BC942}") = "Shaders", "IntelPresentMon\Shaders\Shaders.vcxitems", "{51979337-0180-48BD-BAD9-8AEF57FEF96D}"
EndProject
Project("{2150E333-8FDC-42A3-9474-1A3956D46DE8}") = "Service", "Service", "{86FF3CD6-7065-40A5-B9D3-FAC961D2AAE0}"
EndProject
Project("{8BC9CEB8-8B4A-11D0-8D11-00A0C91BC942}") = "PresentMonULT", "IntelPresentMon\ULT\ULT.vcxproj", "{F7D9E1CD-298D-465A-82D2-8778C860BC46}"
EndProject
Project("{2150E333-8FDC-42A3-9474-1A3956D46DE8}") = "Common", "Common", "{B4CC5828-9638-42EC-A692-E81E8227DD84}"
	ProjectSection(SolutionItems) = preProject
		.gitignore = .gitignore
		IntelPresentMon\metrics.csv = IntelPresentMon\metrics.csv
		vcpkg.json = vcpkg.json
	EndProjectSection
EndProject
Project("{8BC9CEB8-8B4A-11D0-8D11-00A0C91BC942}") = "PresentMonAPI2", "IntelPresentMon\PresentMonAPI2\PresentMonAPI2.vcxproj", "{5DDBA061-53A0-4835-8AAF-943F403F924F}"
EndProject
Project("{8BC9CEB8-8B4A-11D0-8D11-00A0C91BC942}") = "PresentMonAPI2Tests", "IntelPresentMon\PresentMonAPI2Tests\PresentMonAPI2Tests.vcxproj", "{BE924A9E-AE24-42A6-9C7C-EABC506A33C9}"
EndProject
Project("{8BC9CEB8-8B4A-11D0-8D11-00A0C91BC942}") = "PresentMonMiddleware", "IntelPresentMon\PresentMonMiddleware\PresentMonMiddleware.vcxproj", "{34B60AAC-4646-4AA8-A267-9A5DD7C097D5}"
EndProject
Project("{8BC9CEB8-8B4A-11D0-8D11-00A0C91BC942}") = "PresentMonAPIWrapper", "IntelPresentMon\PresentMonAPIWrapper\PresentMonAPIWrapper.vcxproj", "{CEE032ED-B0D3-47F8-BDAE-D46757B0061B}"
EndProject
Project("{8BC9CEB8-8B4A-11D0-8D11-00A0C91BC942}") = "PresentMonAPIWrapperCommon", "IntelPresentMon\PresentMonAPIWrapperCommon\PresentMonAPIWrapperCommon.vcxproj", "{2B343210-86AB-4153-9A6C-945E4AF54C7C}"
EndProject
Project("{8BC9CEB8-8B4A-11D0-8D11-00A0C91BC942}") = "Interprocess", "IntelPresentMon\Interprocess\Interprocess.vcxproj", "{CA23D648-DAEF-4F06-81D5-FE619BD31F0B}"
EndProject
Project("{8BC9CEB8-8B4A-11D0-8D11-00A0C91BC942}") = "CommonUtilities", "IntelPresentMon\CommonUtilities\CommonUtilities.vcxproj", "{08A704D8-CA1C-45E9-8EDE-542A1A43B53E}"
EndProject
Project("{8BC9CEB8-8B4A-11D0-8D11-00A0C91BC942}") = "Provider", "Provider\Provider.vcxproj", "{807370FB-ADE0-403A-A278-DF50893E5F94}"
EndProject
Project("{8BC9CEB8-8B4A-11D0-8D11-00A0C91BC942}") = "Versioning", "IntelPresentMon\Versioning\Versioning.vcxproj", "{C73AA532-E532-4D93-9279-905444653C08}"
EndProject
Project("{9A19103F-16F7-4668-BE54-9A1E7A4F7556}") = "Reflector", "Reflector\Reflector.csproj", "{5805A705-ADB3-4888-A244-4AAB86A1005D}"
EndProject
Project("{2150E333-8FDC-42A3-9474-1A3956D46DE8}") = "Tools", "Tools", "{AE6C0AE0-2EEF-4590-BAE8-5888B89E22C5}"
EndProject
Project("{8BC9CEB8-8B4A-11D0-8D11-00A0C91BC942}") = "ETLTrimmer", "ETLTrimmer\ETLTrimmer.vcxproj", "{F9BD47F5-4AA3-4BA3-91F2-2AC7B270299C}"
EndProject
Project("{8BC9CEB8-8B4A-11D0-8D11-00A0C91BC942}") = "PresentMonAPI2Loader", "IntelPresentMon\PresentMonAPI2Loader\PresentMonAPI2Loader.vcxproj", "{8F86D067-2437-46FC-8F82-4D7155CECED7}"
EndProject
Project("{8BC9CEB8-8B4A-11D0-8D11-00A0C91BC942}") = "FlashInjector", "IntelPresentMon\FlashInjector\FlashInjector.vcxproj", "{14903B1E-26A7-4B57-B67C-5AB5BB4C1598}"
EndProject
Project("{2150E333-8FDC-42A3-9474-1A3956D46DE8}") = "FlashInjectorSuite", "FlashInjectorSuite", "{EE0F3840-488A-4F7B-9536-43610BBD8A1B}"
EndProject
Project("{8BC9CEB8-8B4A-11D0-8D11-00A0C91BC942}") = "FlashInjectorLibrary", "IntelPresentMon\FlashInjectorLibrary\FlashInjectorLibrary.vcxproj", "{2E571D96-1196-45D4-AE13-F05CEB1F23C8}"
EndProject
Project("{8BC9CEB8-8B4A-11D0-8D11-00A0C91BC942}") = "KernelProcess", "IntelPresentMon\KernelProcess\KernelProcess.vcxproj", "{8524C555-B172-46EF-BE42-7B7B7BB102E4}"
EndProject
Global
	GlobalSection(SolutionConfigurationPlatforms) = preSolution
		Debug|x64 = Debug|x64
		Debug|x86 = Debug|x86
		Release|x64 = Release|x64
		Release|x86 = Release|x86
		Release-EDSS|x64 = Release-EDSS|x64
		Release-EDSS|x86 = Release-EDSS|x86
		Release-EDSS-MSI|x64 = Release-EDSS-MSI|x64
		Release-EDSS-MSI|x86 = Release-EDSS-MSI|x86
	EndGlobalSection
	GlobalSection(ProjectConfigurationPlatforms) = postSolution
		{BB48BBC7-E308-4DA5-AB22-16D7A8D1EB3E}.Debug|x64.ActiveCfg = Debug|x86
		{BB48BBC7-E308-4DA5-AB22-16D7A8D1EB3E}.Debug|x86.ActiveCfg = Debug|x86
		{BB48BBC7-E308-4DA5-AB22-16D7A8D1EB3E}.Release|x64.ActiveCfg = Release|x86
		{BB48BBC7-E308-4DA5-AB22-16D7A8D1EB3E}.Release|x64.Build.0 = Release|x86
		{BB48BBC7-E308-4DA5-AB22-16D7A8D1EB3E}.Release|x86.ActiveCfg = Release|x86
		{BB48BBC7-E308-4DA5-AB22-16D7A8D1EB3E}.Release-EDSS|x64.ActiveCfg = Release|x86
		{BB48BBC7-E308-4DA5-AB22-16D7A8D1EB3E}.Release-EDSS|x86.ActiveCfg = Release|x86
		{BB48BBC7-E308-4DA5-AB22-16D7A8D1EB3E}.Release-EDSS-MSI|x64.ActiveCfg = Release|x86
		{BB48BBC7-E308-4DA5-AB22-16D7A8D1EB3E}.Release-EDSS-MSI|x64.Build.0 = Release|x86
		{BB48BBC7-E308-4DA5-AB22-16D7A8D1EB3E}.Release-EDSS-MSI|x86.ActiveCfg = Release|x86
		{9E3C74BB-12BB-40AC-86BF-818D20140CBA}.Debug|x64.ActiveCfg = Debug|Any CPU
		{9E3C74BB-12BB-40AC-86BF-818D20140CBA}.Debug|x86.ActiveCfg = Debug|Any CPU
		{9E3C74BB-12BB-40AC-86BF-818D20140CBA}.Release|x64.ActiveCfg = Release|Any CPU
		{9E3C74BB-12BB-40AC-86BF-818D20140CBA}.Release|x64.Build.0 = Release|Any CPU
		{9E3C74BB-12BB-40AC-86BF-818D20140CBA}.Release|x86.ActiveCfg = Release|Any CPU
		{9E3C74BB-12BB-40AC-86BF-818D20140CBA}.Release-EDSS|x64.ActiveCfg = Release|Any CPU
		{9E3C74BB-12BB-40AC-86BF-818D20140CBA}.Release-EDSS|x86.ActiveCfg = Release|Any CPU
		{9E3C74BB-12BB-40AC-86BF-818D20140CBA}.Release-EDSS-MSI|x64.ActiveCfg = Release|Any CPU
		{9E3C74BB-12BB-40AC-86BF-818D20140CBA}.Release-EDSS-MSI|x64.Build.0 = Release|Any CPU
		{9E3C74BB-12BB-40AC-86BF-818D20140CBA}.Release-EDSS-MSI|x86.ActiveCfg = Release|Any CPU
		{3C80B001-E165-4E0E-A92D-5767CF4FB1F8}.Debug|x64.ActiveCfg = Debug|x64
		{3C80B001-E165-4E0E-A92D-5767CF4FB1F8}.Debug|x64.Build.0 = Debug|x64
		{3C80B001-E165-4E0E-A92D-5767CF4FB1F8}.Debug|x86.ActiveCfg = Debug|x64
		{3C80B001-E165-4E0E-A92D-5767CF4FB1F8}.Release|x64.ActiveCfg = Release|x64
		{3C80B001-E165-4E0E-A92D-5767CF4FB1F8}.Release|x64.Build.0 = Release|x64
		{3C80B001-E165-4E0E-A92D-5767CF4FB1F8}.Release|x86.ActiveCfg = Release|x64
		{3C80B001-E165-4E0E-A92D-5767CF4FB1F8}.Release-EDSS|x64.ActiveCfg = Release|x64
		{3C80B001-E165-4E0E-A92D-5767CF4FB1F8}.Release-EDSS|x64.Build.0 = Release|x64
		{3C80B001-E165-4E0E-A92D-5767CF4FB1F8}.Release-EDSS|x86.ActiveCfg = Release|x64
		{3C80B001-E165-4E0E-A92D-5767CF4FB1F8}.Release-EDSS-MSI|x64.ActiveCfg = Release|x64
		{3C80B001-E165-4E0E-A92D-5767CF4FB1F8}.Release-EDSS-MSI|x86.ActiveCfg = Release|x64
		{3A848E5B-A376-4A22-BBAC-E9B3C01BD385}.Debug|x64.ActiveCfg = Debug|x64
		{3A848E5B-A376-4A22-BBAC-E9B3C01BD385}.Debug|x64.Build.0 = Debug|x64
		{3A848E5B-A376-4A22-BBAC-E9B3C01BD385}.Debug|x86.ActiveCfg = Debug|x64
		{3A848E5B-A376-4A22-BBAC-E9B3C01BD385}.Release|x64.ActiveCfg = Release|x64
		{3A848E5B-A376-4A22-BBAC-E9B3C01BD385}.Release|x64.Build.0 = Release|x64
		{3A848E5B-A376-4A22-BBAC-E9B3C01BD385}.Release|x86.ActiveCfg = Release|x64
		{3A848E5B-A376-4A22-BBAC-E9B3C01BD385}.Release-EDSS|x64.ActiveCfg = Release|x64
		{3A848E5B-A376-4A22-BBAC-E9B3C01BD385}.Release-EDSS|x64.Build.0 = Release|x64
		{3A848E5B-A376-4A22-BBAC-E9B3C01BD385}.Release-EDSS|x86.ActiveCfg = Release|x64
		{3A848E5B-A376-4A22-BBAC-E9B3C01BD385}.Release-EDSS-MSI|x64.ActiveCfg = Release|x64
		{3A848E5B-A376-4A22-BBAC-E9B3C01BD385}.Release-EDSS-MSI|x86.ActiveCfg = Release|x64
		{66E9F6C5-28DB-4218-81B9-31E0E146ECC0}.Debug|x64.ActiveCfg = Debug|x64
		{66E9F6C5-28DB-4218-81B9-31E0E146ECC0}.Debug|x64.Build.0 = Debug|x64
		{66E9F6C5-28DB-4218-81B9-31E0E146ECC0}.Debug|x86.ActiveCfg = Debug|x64
		{66E9F6C5-28DB-4218-81B9-31E0E146ECC0}.Release|x64.ActiveCfg = Release|x64
		{66E9F6C5-28DB-4218-81B9-31E0E146ECC0}.Release|x64.Build.0 = Release|x64
		{66E9F6C5-28DB-4218-81B9-31E0E146ECC0}.Release|x86.ActiveCfg = Release|x64
		{66E9F6C5-28DB-4218-81B9-31E0E146ECC0}.Release-EDSS|x64.ActiveCfg = Release|x64
		{66E9F6C5-28DB-4218-81B9-31E0E146ECC0}.Release-EDSS|x64.Build.0 = Release|x64
		{66E9F6C5-28DB-4218-81B9-31E0E146ECC0}.Release-EDSS|x86.ActiveCfg = Release|x64
		{66E9F6C5-28DB-4218-81B9-31E0E146ECC0}.Release-EDSS-MSI|x64.ActiveCfg = Release|x64
		{66E9F6C5-28DB-4218-81B9-31E0E146ECC0}.Release-EDSS-MSI|x86.ActiveCfg = Release|x64
		{3C39C9BC-0E85-42C0-894C-3561BB93E87F}.Debug|x64.ActiveCfg = Debug|x64
		{3C39C9BC-0E85-42C0-894C-3561BB93E87F}.Debug|x64.Build.0 = Debug|x64
		{3C39C9BC-0E85-42C0-894C-3561BB93E87F}.Debug|x86.ActiveCfg = Debug|x64
		{3C39C9BC-0E85-42C0-894C-3561BB93E87F}.Release|x64.ActiveCfg = Release|x64
		{3C39C9BC-0E85-42C0-894C-3561BB93E87F}.Release|x64.Build.0 = Release|x64
		{3C39C9BC-0E85-42C0-894C-3561BB93E87F}.Release|x86.ActiveCfg = Release|x64
		{3C39C9BC-0E85-42C0-894C-3561BB93E87F}.Release-EDSS|x64.ActiveCfg = Release|x64
		{3C39C9BC-0E85-42C0-894C-3561BB93E87F}.Release-EDSS|x64.Build.0 = Release|x64
		{3C39C9BC-0E85-42C0-894C-3561BB93E87F}.Release-EDSS|x86.ActiveCfg = Release|x64
		{3C39C9BC-0E85-42C0-894C-3561BB93E87F}.Release-EDSS-MSI|x64.ActiveCfg = Release|x64
		{3C39C9BC-0E85-42C0-894C-3561BB93E87F}.Release-EDSS-MSI|x86.ActiveCfg = Release|x64
		{BF43064B-01F0-4C69-91FB-C2122BAF621D}.Debug|x64.ActiveCfg = Debug|x64
		{BF43064B-01F0-4C69-91FB-C2122BAF621D}.Debug|x64.Build.0 = Debug|x64
		{BF43064B-01F0-4C69-91FB-C2122BAF621D}.Debug|x86.ActiveCfg = Debug|x64
		{BF43064B-01F0-4C69-91FB-C2122BAF621D}.Release|x64.ActiveCfg = Release|x64
		{BF43064B-01F0-4C69-91FB-C2122BAF621D}.Release|x64.Build.0 = Release|x64
		{BF43064B-01F0-4C69-91FB-C2122BAF621D}.Release|x86.ActiveCfg = Release|x64
		{BF43064B-01F0-4C69-91FB-C2122BAF621D}.Release-EDSS|x64.ActiveCfg = Release|x64
		{BF43064B-01F0-4C69-91FB-C2122BAF621D}.Release-EDSS|x64.Build.0 = Release|x64
		{BF43064B-01F0-4C69-91FB-C2122BAF621D}.Release-EDSS|x86.ActiveCfg = Release|x64
		{BF43064B-01F0-4C69-91FB-C2122BAF621D}.Release-EDSS-MSI|x64.ActiveCfg = Release|x64
		{BF43064B-01F0-4C69-91FB-C2122BAF621D}.Release-EDSS-MSI|x86.ActiveCfg = Release|x64
		{892028E5-32F6-45FC-8AB2-90FCBCAC4BF6}.Debug|x64.ActiveCfg = Debug|x64
		{892028E5-32F6-45FC-8AB2-90FCBCAC4BF6}.Debug|x64.Build.0 = Debug|x64
		{892028E5-32F6-45FC-8AB2-90FCBCAC4BF6}.Debug|x86.ActiveCfg = Debug|Win32
		{892028E5-32F6-45FC-8AB2-90FCBCAC4BF6}.Debug|x86.Build.0 = Debug|Win32
		{892028E5-32F6-45FC-8AB2-90FCBCAC4BF6}.Release|x64.ActiveCfg = Release|x64
		{892028E5-32F6-45FC-8AB2-90FCBCAC4BF6}.Release|x64.Build.0 = Release|x64
		{892028E5-32F6-45FC-8AB2-90FCBCAC4BF6}.Release|x86.ActiveCfg = Release|Win32
		{892028E5-32F6-45FC-8AB2-90FCBCAC4BF6}.Release|x86.Build.0 = Release|Win32
		{892028E5-32F6-45FC-8AB2-90FCBCAC4BF6}.Release-EDSS|x64.ActiveCfg = Release|x64
		{892028E5-32F6-45FC-8AB2-90FCBCAC4BF6}.Release-EDSS|x64.Build.0 = Release|x64
		{892028E5-32F6-45FC-8AB2-90FCBCAC4BF6}.Release-EDSS|x86.ActiveCfg = Release|Win32
		{892028E5-32F6-45FC-8AB2-90FCBCAC4BF6}.Release-EDSS|x86.Build.0 = Release|Win32
		{892028E5-32F6-45FC-8AB2-90FCBCAC4BF6}.Release-EDSS-MSI|x64.ActiveCfg = Release|x64
		{892028E5-32F6-45FC-8AB2-90FCBCAC4BF6}.Release-EDSS-MSI|x86.ActiveCfg = Release|Win32
		{808F5EA9-EA09-4D72-87B4-5397D43CBA54}.Debug|x64.ActiveCfg = Debug|x64
		{808F5EA9-EA09-4D72-87B4-5397D43CBA54}.Debug|x64.Build.0 = Debug|x64
		{808F5EA9-EA09-4D72-87B4-5397D43CBA54}.Debug|x86.ActiveCfg = Debug|x64
		{808F5EA9-EA09-4D72-87B4-5397D43CBA54}.Release|x64.ActiveCfg = Release|x64
		{808F5EA9-EA09-4D72-87B4-5397D43CBA54}.Release|x64.Build.0 = Release|x64
		{808F5EA9-EA09-4D72-87B4-5397D43CBA54}.Release|x86.ActiveCfg = Release|x64
		{808F5EA9-EA09-4D72-87B4-5397D43CBA54}.Release-EDSS|x64.ActiveCfg = Release|x64
		{808F5EA9-EA09-4D72-87B4-5397D43CBA54}.Release-EDSS|x64.Build.0 = Release|x64
		{808F5EA9-EA09-4D72-87B4-5397D43CBA54}.Release-EDSS|x86.ActiveCfg = Release|x64
		{808F5EA9-EA09-4D72-87B4-5397D43CBA54}.Release-EDSS-MSI|x64.ActiveCfg = Release|x64
		{808F5EA9-EA09-4D72-87B4-5397D43CBA54}.Release-EDSS-MSI|x86.ActiveCfg = Release|x64
		{79FE382A-C29C-4C32-A028-B8D1ABDF51B0}.Debug|x64.ActiveCfg = Debug|x64
		{79FE382A-C29C-4C32-A028-B8D1ABDF51B0}.Debug|x64.Build.0 = Debug|x64
		{79FE382A-C29C-4C32-A028-B8D1ABDF51B0}.Debug|x86.ActiveCfg = Debug|x64
		{79FE382A-C29C-4C32-A028-B8D1ABDF51B0}.Release|x64.ActiveCfg = Release|x64
		{79FE382A-C29C-4C32-A028-B8D1ABDF51B0}.Release|x64.Build.0 = Release|x64
		{79FE382A-C29C-4C32-A028-B8D1ABDF51B0}.Release|x86.ActiveCfg = Release|x64
		{79FE382A-C29C-4C32-A028-B8D1ABDF51B0}.Release-EDSS|x64.ActiveCfg = Release|x64
		{79FE382A-C29C-4C32-A028-B8D1ABDF51B0}.Release-EDSS|x86.ActiveCfg = Release|x64
		{79FE382A-C29C-4C32-A028-B8D1ABDF51B0}.Release-EDSS-MSI|x64.ActiveCfg = Release|x64
		{79FE382A-C29C-4C32-A028-B8D1ABDF51B0}.Release-EDSS-MSI|x86.ActiveCfg = Release|x64
		{57ABAF22-837A-4DA3-9C92-1BA37CCFA550}.Debug|x64.ActiveCfg = Debug|x64
		{57ABAF22-837A-4DA3-9C92-1BA37CCFA550}.Debug|x64.Build.0 = Debug|x64
		{57ABAF22-837A-4DA3-9C92-1BA37CCFA550}.Debug|x86.ActiveCfg = Debug|x64
		{57ABAF22-837A-4DA3-9C92-1BA37CCFA550}.Release|x64.ActiveCfg = Release|x64
		{57ABAF22-837A-4DA3-9C92-1BA37CCFA550}.Release|x64.Build.0 = Release|x64
		{57ABAF22-837A-4DA3-9C92-1BA37CCFA550}.Release|x86.ActiveCfg = Release|x64
		{57ABAF22-837A-4DA3-9C92-1BA37CCFA550}.Release-EDSS|x64.ActiveCfg = Release|x64
		{57ABAF22-837A-4DA3-9C92-1BA37CCFA550}.Release-EDSS|x86.ActiveCfg = Release|x64
		{57ABAF22-837A-4DA3-9C92-1BA37CCFA550}.Release-EDSS-MSI|x64.ActiveCfg = Release|x64
		{57ABAF22-837A-4DA3-9C92-1BA37CCFA550}.Release-EDSS-MSI|x86.ActiveCfg = Release|x64
		{4EB9794B-1F12-48CE-ADC1-917E9810F29E}.Debug|x64.ActiveCfg = Debug|x64
		{4EB9794B-1F12-48CE-ADC1-917E9810F29E}.Debug|x64.Build.0 = Debug|x64
		{4EB9794B-1F12-48CE-ADC1-917E9810F29E}.Debug|x86.ActiveCfg = Debug|Win32
		{4EB9794B-1F12-48CE-ADC1-917E9810F29E}.Debug|x86.Build.0 = Debug|Win32
		{4EB9794B-1F12-48CE-ADC1-917E9810F29E}.Release|x64.ActiveCfg = Release|x64
		{4EB9794B-1F12-48CE-ADC1-917E9810F29E}.Release|x64.Build.0 = Release|x64
		{4EB9794B-1F12-48CE-ADC1-917E9810F29E}.Release|x86.ActiveCfg = Release|Win32
		{4EB9794B-1F12-48CE-ADC1-917E9810F29E}.Release|x86.Build.0 = Release|Win32
		{4EB9794B-1F12-48CE-ADC1-917E9810F29E}.Release-EDSS|x64.ActiveCfg = Release|x64
		{4EB9794B-1F12-48CE-ADC1-917E9810F29E}.Release-EDSS|x64.Build.0 = Release|x64
		{4EB9794B-1F12-48CE-ADC1-917E9810F29E}.Release-EDSS|x86.ActiveCfg = Release|Win32
		{4EB9794B-1F12-48CE-ADC1-917E9810F29E}.Release-EDSS|x86.Build.0 = Release|Win32
		{4EB9794B-1F12-48CE-ADC1-917E9810F29E}.Release-EDSS-MSI|x64.ActiveCfg = Release|x64
		{4EB9794B-1F12-48CE-ADC1-917E9810F29E}.Release-EDSS-MSI|x86.ActiveCfg = Release|Win32
		{7A1C7F0B-ECB3-4C98-B74E-E5BBA63BA4A7}.Debug|x64.ActiveCfg = Debug|x64
		{7A1C7F0B-ECB3-4C98-B74E-E5BBA63BA4A7}.Debug|x64.Build.0 = Debug|x64
		{7A1C7F0B-ECB3-4C98-B74E-E5BBA63BA4A7}.Debug|x86.ActiveCfg = Debug|x64
		{7A1C7F0B-ECB3-4C98-B74E-E5BBA63BA4A7}.Release|x64.ActiveCfg = Release|x64
		{7A1C7F0B-ECB3-4C98-B74E-E5BBA63BA4A7}.Release|x64.Build.0 = Release|x64
		{7A1C7F0B-ECB3-4C98-B74E-E5BBA63BA4A7}.Release|x86.ActiveCfg = Release|x64
		{7A1C7F0B-ECB3-4C98-B74E-E5BBA63BA4A7}.Release-EDSS|x64.ActiveCfg = Release|x64
		{7A1C7F0B-ECB3-4C98-B74E-E5BBA63BA4A7}.Release-EDSS|x86.ActiveCfg = Release|x64
		{7A1C7F0B-ECB3-4C98-B74E-E5BBA63BA4A7}.Release-EDSS-MSI|x64.ActiveCfg = Release|x64
		{7A1C7F0B-ECB3-4C98-B74E-E5BBA63BA4A7}.Release-EDSS-MSI|x86.ActiveCfg = Release|x64
		{0F60DFD9-208E-443E-8D01-43C902B458A6}.Debug|x64.ActiveCfg = Debug|x64
		{0F60DFD9-208E-443E-8D01-43C902B458A6}.Debug|x64.Build.0 = Debug|x64
		{0F60DFD9-208E-443E-8D01-43C902B458A6}.Debug|x86.ActiveCfg = Debug|Win32
		{0F60DFD9-208E-443E-8D01-43C902B458A6}.Debug|x86.Build.0 = Debug|Win32
		{0F60DFD9-208E-443E-8D01-43C902B458A6}.Release|x64.ActiveCfg = Release|x64
		{0F60DFD9-208E-443E-8D01-43C902B458A6}.Release|x64.Build.0 = Release|x64
		{0F60DFD9-208E-443E-8D01-43C902B458A6}.Release|x86.ActiveCfg = Release|Win32
		{0F60DFD9-208E-443E-8D01-43C902B458A6}.Release|x86.Build.0 = Release|Win32
		{0F60DFD9-208E-443E-8D01-43C902B458A6}.Release-EDSS|x64.ActiveCfg = Release|x64
		{0F60DFD9-208E-443E-8D01-43C902B458A6}.Release-EDSS|x86.ActiveCfg = Release|Win32
		{0F60DFD9-208E-443E-8D01-43C902B458A6}.Release-EDSS-MSI|x64.ActiveCfg = Release|x64
		{0F60DFD9-208E-443E-8D01-43C902B458A6}.Release-EDSS-MSI|x86.ActiveCfg = Release|Win32
		{F7D9E1CD-298D-465A-82D2-8778C860BC46}.Debug|x64.ActiveCfg = Debug|x64
		{F7D9E1CD-298D-465A-82D2-8778C860BC46}.Debug|x86.ActiveCfg = Debug|x64
		{F7D9E1CD-298D-465A-82D2-8778C860BC46}.Release|x64.ActiveCfg = Release|x64
		{F7D9E1CD-298D-465A-82D2-8778C860BC46}.Release|x86.ActiveCfg = Release|x64
		{F7D9E1CD-298D-465A-82D2-8778C860BC46}.Release-EDSS|x64.ActiveCfg = Release|x64
		{F7D9E1CD-298D-465A-82D2-8778C860BC46}.Release-EDSS|x86.ActiveCfg = Release|x64
		{F7D9E1CD-298D-465A-82D2-8778C860BC46}.Release-EDSS-MSI|x64.ActiveCfg = Release|x64
		{F7D9E1CD-298D-465A-82D2-8778C860BC46}.Release-EDSS-MSI|x86.ActiveCfg = Release|x64
		{5DDBA061-53A0-4835-8AAF-943F403F924F}.Debug|x64.ActiveCfg = Debug|x64
		{5DDBA061-53A0-4835-8AAF-943F403F924F}.Debug|x64.Build.0 = Debug|x64
		{5DDBA061-53A0-4835-8AAF-943F403F924F}.Debug|x86.ActiveCfg = Debug|x64
		{5DDBA061-53A0-4835-8AAF-943F403F924F}.Release|x64.ActiveCfg = Release|x64
		{5DDBA061-53A0-4835-8AAF-943F403F924F}.Release|x64.Build.0 = Release|x64
		{5DDBA061-53A0-4835-8AAF-943F403F924F}.Release|x86.ActiveCfg = Release|x64
		{5DDBA061-53A0-4835-8AAF-943F403F924F}.Release-EDSS|x64.ActiveCfg = Release|x64
		{5DDBA061-53A0-4835-8AAF-943F403F924F}.Release-EDSS|x64.Build.0 = Release|x64
		{5DDBA061-53A0-4835-8AAF-943F403F924F}.Release-EDSS|x86.ActiveCfg = Release|x64
		{5DDBA061-53A0-4835-8AAF-943F403F924F}.Release-EDSS-MSI|x64.ActiveCfg = Release|x64
		{5DDBA061-53A0-4835-8AAF-943F403F924F}.Release-EDSS-MSI|x86.ActiveCfg = Release|x64
		{BE924A9E-AE24-42A6-9C7C-EABC506A33C9}.Debug|x64.ActiveCfg = Debug|x64
		{BE924A9E-AE24-42A6-9C7C-EABC506A33C9}.Debug|x64.Build.0 = Debug|x64
		{BE924A9E-AE24-42A6-9C7C-EABC506A33C9}.Debug|x86.ActiveCfg = Debug|x64
		{BE924A9E-AE24-42A6-9C7C-EABC506A33C9}.Release|x64.ActiveCfg = Release|x64
		{BE924A9E-AE24-42A6-9C7C-EABC506A33C9}.Release|x64.Build.0 = Release|x64
		{BE924A9E-AE24-42A6-9C7C-EABC506A33C9}.Release|x86.ActiveCfg = Release|x64
		{BE924A9E-AE24-42A6-9C7C-EABC506A33C9}.Release-EDSS|x64.ActiveCfg = Release|x64
		{BE924A9E-AE24-42A6-9C7C-EABC506A33C9}.Release-EDSS|x86.ActiveCfg = Release|x64
		{BE924A9E-AE24-42A6-9C7C-EABC506A33C9}.Release-EDSS-MSI|x64.ActiveCfg = Release|x64
		{BE924A9E-AE24-42A6-9C7C-EABC506A33C9}.Release-EDSS-MSI|x86.ActiveCfg = Release|x64
		{34B60AAC-4646-4AA8-A267-9A5DD7C097D5}.Debug|x64.ActiveCfg = Debug|x64
		{34B60AAC-4646-4AA8-A267-9A5DD7C097D5}.Debug|x64.Build.0 = Debug|x64
		{34B60AAC-4646-4AA8-A267-9A5DD7C097D5}.Debug|x86.ActiveCfg = Debug|x64
		{34B60AAC-4646-4AA8-A267-9A5DD7C097D5}.Release|x64.ActiveCfg = Release|x64
		{34B60AAC-4646-4AA8-A267-9A5DD7C097D5}.Release|x64.Build.0 = Release|x64
		{34B60AAC-4646-4AA8-A267-9A5DD7C097D5}.Release|x86.ActiveCfg = Release|x64
		{34B60AAC-4646-4AA8-A267-9A5DD7C097D5}.Release-EDSS|x64.ActiveCfg = Release|x64
		{34B60AAC-4646-4AA8-A267-9A5DD7C097D5}.Release-EDSS|x64.Build.0 = Release|x64
		{34B60AAC-4646-4AA8-A267-9A5DD7C097D5}.Release-EDSS|x86.ActiveCfg = Release|x64
		{34B60AAC-4646-4AA8-A267-9A5DD7C097D5}.Release-EDSS-MSI|x64.ActiveCfg = Release|x64
		{34B60AAC-4646-4AA8-A267-9A5DD7C097D5}.Release-EDSS-MSI|x86.ActiveCfg = Release|x64
		{CEE032ED-B0D3-47F8-BDAE-D46757B0061B}.Debug|x64.ActiveCfg = Debug|x64
		{CEE032ED-B0D3-47F8-BDAE-D46757B0061B}.Debug|x64.Build.0 = Debug|x64
		{CEE032ED-B0D3-47F8-BDAE-D46757B0061B}.Debug|x86.ActiveCfg = Debug|x64
		{CEE032ED-B0D3-47F8-BDAE-D46757B0061B}.Release|x64.ActiveCfg = Release|x64
		{CEE032ED-B0D3-47F8-BDAE-D46757B0061B}.Release|x64.Build.0 = Release|x64
		{CEE032ED-B0D3-47F8-BDAE-D46757B0061B}.Release|x86.ActiveCfg = Release|x64
		{CEE032ED-B0D3-47F8-BDAE-D46757B0061B}.Release-EDSS|x64.ActiveCfg = Release|x64
		{CEE032ED-B0D3-47F8-BDAE-D46757B0061B}.Release-EDSS|x64.Build.0 = Release|x64
		{CEE032ED-B0D3-47F8-BDAE-D46757B0061B}.Release-EDSS|x86.ActiveCfg = Release|x64
		{CEE032ED-B0D3-47F8-BDAE-D46757B0061B}.Release-EDSS-MSI|x64.ActiveCfg = Release|x64
		{CEE032ED-B0D3-47F8-BDAE-D46757B0061B}.Release-EDSS-MSI|x86.ActiveCfg = Release|x64
		{2B343210-86AB-4153-9A6C-945E4AF54C7C}.Debug|x64.ActiveCfg = Debug|x64
		{2B343210-86AB-4153-9A6C-945E4AF54C7C}.Debug|x64.Build.0 = Debug|x64
		{2B343210-86AB-4153-9A6C-945E4AF54C7C}.Debug|x86.ActiveCfg = Debug|x64
		{2B343210-86AB-4153-9A6C-945E4AF54C7C}.Release|x64.ActiveCfg = Release|x64
		{2B343210-86AB-4153-9A6C-945E4AF54C7C}.Release|x64.Build.0 = Release|x64
		{2B343210-86AB-4153-9A6C-945E4AF54C7C}.Release|x86.ActiveCfg = Release|x64
		{2B343210-86AB-4153-9A6C-945E4AF54C7C}.Release-EDSS|x64.ActiveCfg = Release|x64
		{2B343210-86AB-4153-9A6C-945E4AF54C7C}.Release-EDSS|x64.Build.0 = Release|x64
		{2B343210-86AB-4153-9A6C-945E4AF54C7C}.Release-EDSS|x86.ActiveCfg = Release|x64
		{2B343210-86AB-4153-9A6C-945E4AF54C7C}.Release-EDSS-MSI|x64.ActiveCfg = Release|x64
		{2B343210-86AB-4153-9A6C-945E4AF54C7C}.Release-EDSS-MSI|x86.ActiveCfg = Release|x64
		{CA23D648-DAEF-4F06-81D5-FE619BD31F0B}.Debug|x64.ActiveCfg = Debug|x64
		{CA23D648-DAEF-4F06-81D5-FE619BD31F0B}.Debug|x64.Build.0 = Debug|x64
		{CA23D648-DAEF-4F06-81D5-FE619BD31F0B}.Debug|x86.ActiveCfg = Debug|x64
		{CA23D648-DAEF-4F06-81D5-FE619BD31F0B}.Release|x64.ActiveCfg = Release|x64
		{CA23D648-DAEF-4F06-81D5-FE619BD31F0B}.Release|x64.Build.0 = Release|x64
		{CA23D648-DAEF-4F06-81D5-FE619BD31F0B}.Release|x86.ActiveCfg = Release|x64
		{CA23D648-DAEF-4F06-81D5-FE619BD31F0B}.Release-EDSS|x64.ActiveCfg = Release|x64
		{CA23D648-DAEF-4F06-81D5-FE619BD31F0B}.Release-EDSS|x64.Build.0 = Release|x64
		{CA23D648-DAEF-4F06-81D5-FE619BD31F0B}.Release-EDSS|x86.ActiveCfg = Release|x64
		{CA23D648-DAEF-4F06-81D5-FE619BD31F0B}.Release-EDSS-MSI|x64.ActiveCfg = Release|x64
		{CA23D648-DAEF-4F06-81D5-FE619BD31F0B}.Release-EDSS-MSI|x86.ActiveCfg = Release|x64
		{08A704D8-CA1C-45E9-8EDE-542A1A43B53E}.Debug|x64.ActiveCfg = Debug|x64
		{08A704D8-CA1C-45E9-8EDE-542A1A43B53E}.Debug|x64.Build.0 = Debug|x64
		{08A704D8-CA1C-45E9-8EDE-542A1A43B53E}.Debug|x86.ActiveCfg = Debug|Win32
		{08A704D8-CA1C-45E9-8EDE-542A1A43B53E}.Debug|x86.Build.0 = Debug|Win32
		{08A704D8-CA1C-45E9-8EDE-542A1A43B53E}.Release|x64.ActiveCfg = Release|x64
		{08A704D8-CA1C-45E9-8EDE-542A1A43B53E}.Release|x64.Build.0 = Release|x64
		{08A704D8-CA1C-45E9-8EDE-542A1A43B53E}.Release|x86.ActiveCfg = Release|Win32
		{08A704D8-CA1C-45E9-8EDE-542A1A43B53E}.Release|x86.Build.0 = Release|Win32
		{08A704D8-CA1C-45E9-8EDE-542A1A43B53E}.Release-EDSS|x64.ActiveCfg = Release|x64
		{08A704D8-CA1C-45E9-8EDE-542A1A43B53E}.Release-EDSS|x64.Build.0 = Release|x64
		{08A704D8-CA1C-45E9-8EDE-542A1A43B53E}.Release-EDSS|x86.ActiveCfg = Release|Win32
		{08A704D8-CA1C-45E9-8EDE-542A1A43B53E}.Release-EDSS|x86.Build.0 = Release|Win32
		{08A704D8-CA1C-45E9-8EDE-542A1A43B53E}.Release-EDSS-MSI|x64.ActiveCfg = Release|x64
		{08A704D8-CA1C-45E9-8EDE-542A1A43B53E}.Release-EDSS-MSI|x86.ActiveCfg = Release|Win32
		{807370FB-ADE0-403A-A278-DF50893E5F94}.Debug|x64.ActiveCfg = Debug|x64
		{807370FB-ADE0-403A-A278-DF50893E5F94}.Debug|x64.Build.0 = Debug|x64
		{807370FB-ADE0-403A-A278-DF50893E5F94}.Debug|x86.ActiveCfg = Debug|Win32
		{807370FB-ADE0-403A-A278-DF50893E5F94}.Debug|x86.Build.0 = Debug|Win32
		{807370FB-ADE0-403A-A278-DF50893E5F94}.Release|x64.ActiveCfg = Release|x64
		{807370FB-ADE0-403A-A278-DF50893E5F94}.Release|x64.Build.0 = Release|x64
		{807370FB-ADE0-403A-A278-DF50893E5F94}.Release|x86.ActiveCfg = Release|Win32
		{807370FB-ADE0-403A-A278-DF50893E5F94}.Release|x86.Build.0 = Release|Win32
		{807370FB-ADE0-403A-A278-DF50893E5F94}.Release-EDSS|x64.ActiveCfg = Release|x64
		{807370FB-ADE0-403A-A278-DF50893E5F94}.Release-EDSS|x64.Build.0 = Release|x64
		{807370FB-ADE0-403A-A278-DF50893E5F94}.Release-EDSS|x86.ActiveCfg = Release|Win32
		{807370FB-ADE0-403A-A278-DF50893E5F94}.Release-EDSS-MSI|x64.ActiveCfg = Release|x64
		{807370FB-ADE0-403A-A278-DF50893E5F94}.Release-EDSS-MSI|x86.ActiveCfg = Release|Win32
		{C73AA532-E532-4D93-9279-905444653C08}.Debug|x64.ActiveCfg = Debug|x64
		{C73AA532-E532-4D93-9279-905444653C08}.Debug|x64.Build.0 = Debug|x64
		{C73AA532-E532-4D93-9279-905444653C08}.Debug|x86.ActiveCfg = Debug|Win32
		{C73AA532-E532-4D93-9279-905444653C08}.Release|x64.ActiveCfg = Release|x64
		{C73AA532-E532-4D93-9279-905444653C08}.Release|x64.Build.0 = Release|x64
		{C73AA532-E532-4D93-9279-905444653C08}.Release|x86.ActiveCfg = Release|x64
		{C73AA532-E532-4D93-9279-905444653C08}.Release|x86.Build.0 = Release|x64
		{C73AA532-E532-4D93-9279-905444653C08}.Release-EDSS|x64.ActiveCfg = Release|x64
		{C73AA532-E532-4D93-9279-905444653C08}.Release-EDSS|x64.Build.0 = Release|x64
		{C73AA532-E532-4D93-9279-905444653C08}.Release-EDSS|x86.ActiveCfg = Release|x64
		{C73AA532-E532-4D93-9279-905444653C08}.Release-EDSS-MSI|x64.ActiveCfg = Release|x64
		{C73AA532-E532-4D93-9279-905444653C08}.Release-EDSS-MSI|x86.ActiveCfg = Release|x64
		{5805A705-ADB3-4888-A244-4AAB86A1005D}.Debug|x64.ActiveCfg = Debug|Any CPU
		{5805A705-ADB3-4888-A244-4AAB86A1005D}.Debug|x86.ActiveCfg = Debug|Any CPU
		{5805A705-ADB3-4888-A244-4AAB86A1005D}.Release|x64.ActiveCfg = Release|Any CPU
		{5805A705-ADB3-4888-A244-4AAB86A1005D}.Release|x86.ActiveCfg = Release|Any CPU
		{5805A705-ADB3-4888-A244-4AAB86A1005D}.Release-EDSS|x64.ActiveCfg = Release|Any CPU
		{5805A705-ADB3-4888-A244-4AAB86A1005D}.Release-EDSS|x86.ActiveCfg = Release|Any CPU
		{5805A705-ADB3-4888-A244-4AAB86A1005D}.Release-EDSS-MSI|x64.ActiveCfg = Release|Any CPU
		{5805A705-ADB3-4888-A244-4AAB86A1005D}.Release-EDSS-MSI|x86.ActiveCfg = Release|Any CPU
		{F9BD47F5-4AA3-4BA3-91F2-2AC7B270299C}.Debug|x64.ActiveCfg = Debug|x64
		{F9BD47F5-4AA3-4BA3-91F2-2AC7B270299C}.Debug|x64.Build.0 = Debug|x64
		{F9BD47F5-4AA3-4BA3-91F2-2AC7B270299C}.Debug|x86.ActiveCfg = Debug|x64
		{F9BD47F5-4AA3-4BA3-91F2-2AC7B270299C}.Release|x64.ActiveCfg = Release|x64
		{F9BD47F5-4AA3-4BA3-91F2-2AC7B270299C}.Release|x64.Build.0 = Release|x64
		{F9BD47F5-4AA3-4BA3-91F2-2AC7B270299C}.Release|x86.ActiveCfg = Release|x64
		{F9BD47F5-4AA3-4BA3-91F2-2AC7B270299C}.Release-EDSS|x64.ActiveCfg = Release|x64
		{F9BD47F5-4AA3-4BA3-91F2-2AC7B270299C}.Release-EDSS|x86.ActiveCfg = Release|x64
		{F9BD47F5-4AA3-4BA3-91F2-2AC7B270299C}.Release-EDSS-MSI|x64.ActiveCfg = Release|x64
		{F9BD47F5-4AA3-4BA3-91F2-2AC7B270299C}.Release-EDSS-MSI|x86.ActiveCfg = Release|x64
		{8F86D067-2437-46FC-8F82-4D7155CECED7}.Debug|x64.ActiveCfg = Debug|x64
		{8F86D067-2437-46FC-8F82-4D7155CECED7}.Debug|x64.Build.0 = Debug|x64
		{8F86D067-2437-46FC-8F82-4D7155CECED7}.Debug|x86.ActiveCfg = Debug|x64
		{8F86D067-2437-46FC-8F82-4D7155CECED7}.Release|x64.ActiveCfg = Release|x64
		{8F86D067-2437-46FC-8F82-4D7155CECED7}.Release|x64.Build.0 = Release|x64
		{8F86D067-2437-46FC-8F82-4D7155CECED7}.Release|x86.ActiveCfg = Release|x64
		{8F86D067-2437-46FC-8F82-4D7155CECED7}.Release-EDSS|x64.ActiveCfg = Release|x64
		{8F86D067-2437-46FC-8F82-4D7155CECED7}.Release-EDSS|x64.Build.0 = Release|x64
		{8F86D067-2437-46FC-8F82-4D7155CECED7}.Release-EDSS|x86.ActiveCfg = Release|x64
		{8F86D067-2437-46FC-8F82-4D7155CECED7}.Release-EDSS-MSI|x64.ActiveCfg = Release|x64
		{8F86D067-2437-46FC-8F82-4D7155CECED7}.Release-EDSS-MSI|x86.ActiveCfg = Release|x64
		{14903B1E-26A7-4B57-B67C-5AB5BB4C1598}.Debug|x64.ActiveCfg = Debug|x64
		{14903B1E-26A7-4B57-B67C-5AB5BB4C1598}.Debug|x64.Build.0 = Debug|x64
		{14903B1E-26A7-4B57-B67C-5AB5BB4C1598}.Debug|x86.ActiveCfg = Debug|Win32
		{14903B1E-26A7-4B57-B67C-5AB5BB4C1598}.Debug|x86.Build.0 = Debug|Win32
		{14903B1E-26A7-4B57-B67C-5AB5BB4C1598}.Release|x64.ActiveCfg = Release|x64
		{14903B1E-26A7-4B57-B67C-5AB5BB4C1598}.Release|x64.Build.0 = Release|x64
		{14903B1E-26A7-4B57-B67C-5AB5BB4C1598}.Release|x86.ActiveCfg = Release|Win32
		{14903B1E-26A7-4B57-B67C-5AB5BB4C1598}.Release|x86.Build.0 = Release|Win32
		{14903B1E-26A7-4B57-B67C-5AB5BB4C1598}.Release-EDSS|x64.ActiveCfg = Release|x64
		{14903B1E-26A7-4B57-B67C-5AB5BB4C1598}.Release-EDSS|x64.Build.0 = Release|x64
		{14903B1E-26A7-4B57-B67C-5AB5BB4C1598}.Release-EDSS|x86.ActiveCfg = Release|Win32
		{14903B1E-26A7-4B57-B67C-5AB5BB4C1598}.Release-EDSS-MSI|x64.ActiveCfg = Release|x64
		{14903B1E-26A7-4B57-B67C-5AB5BB4C1598}.Release-EDSS-MSI|x86.ActiveCfg = Release|Win32
		{2E571D96-1196-45D4-AE13-F05CEB1F23C8}.Debug|x64.ActiveCfg = Debug|x64
		{2E571D96-1196-45D4-AE13-F05CEB1F23C8}.Debug|x64.Build.0 = Debug|x64
		{2E571D96-1196-45D4-AE13-F05CEB1F23C8}.Debug|x86.ActiveCfg = Debug|Win32
		{2E571D96-1196-45D4-AE13-F05CEB1F23C8}.Debug|x86.Build.0 = Debug|Win32
		{2E571D96-1196-45D4-AE13-F05CEB1F23C8}.Release|x64.ActiveCfg = Release|x64
		{2E571D96-1196-45D4-AE13-F05CEB1F23C8}.Release|x64.Build.0 = Release|x64
		{2E571D96-1196-45D4-AE13-F05CEB1F23C8}.Release|x86.ActiveCfg = Release|Win32
		{2E571D96-1196-45D4-AE13-F05CEB1F23C8}.Release|x86.Build.0 = Release|Win32
		{2E571D96-1196-45D4-AE13-F05CEB1F23C8}.Release-EDSS|x64.ActiveCfg = Release|x64
		{2E571D96-1196-45D4-AE13-F05CEB1F23C8}.Release-EDSS|x64.Build.0 = Release|x64
		{2E571D96-1196-45D4-AE13-F05CEB1F23C8}.Release-EDSS|x86.ActiveCfg = Release|Win32
		{2E571D96-1196-45D4-AE13-F05CEB1F23C8}.Release-EDSS-MSI|x64.ActiveCfg = Release|x64
		{2E571D96-1196-45D4-AE13-F05CEB1F23C8}.Release-EDSS-MSI|x86.ActiveCfg = Release|Win32
		{8524C555-B172-46EF-BE42-7B7B7BB102E4}.Debug|x64.ActiveCfg = Debug|x64
		{8524C555-B172-46EF-BE42-7B7B7BB102E4}.Debug|x64.Build.0 = Debug|x64
		{8524C555-B172-46EF-BE42-7B7B7BB102E4}.Debug|x86.ActiveCfg = Debug|x64
		{8524C555-B172-46EF-BE42-7B7B7BB102E4}.Release|x64.ActiveCfg = Release|x64
		{8524C555-B172-46EF-BE42-7B7B7BB102E4}.Release|x64.Build.0 = Release|x64
		{8524C555-B172-46EF-BE42-7B7B7BB102E4}.Release|x86.ActiveCfg = Release|x64
		{8524C555-B172-46EF-BE42-7B7B7BB102E4}.Release-EDSS|x64.ActiveCfg = Release-EDSS|x64
		{8524C555-B172-46EF-BE42-7B7B7BB102E4}.Release-EDSS|x64.Build.0 = Release-EDSS|x64
		{8524C555-B172-46EF-BE42-7B7B7BB102E4}.Release-EDSS|x86.ActiveCfg = Release|x64
		{8524C555-B172-46EF-BE42-7B7B7BB102E4}.Release-EDSS-MSI|x64.ActiveCfg = Release|x64
		{8524C555-B172-46EF-BE42-7B7B7BB102E4}.Release-EDSS-MSI|x86.ActiveCfg = Release|x64
	EndGlobalSection
	GlobalSection(SolutionProperties) = preSolution
		HideSolutionNode = FALSE
	EndGlobalSection
	GlobalSection(NestedProjects) = preSolution
		{BB48BBC7-E308-4DA5-AB22-16D7A8D1EB3E} = {61877103-313D-4140-8449-834D5D73C72E}
		{9E3C74BB-12BB-40AC-86BF-818D20140CBA} = {61877103-313D-4140-8449-834D5D73C72E}
		{3C80B001-E165-4E0E-A92D-5767CF4FB1F8} = {0015EC44-0BF0-4F05-80CF-72000771F6EB}
		{3A848E5B-A376-4A22-BBAC-E9B3C01BD385} = {86FF3CD6-7065-40A5-B9D3-FAC961D2AAE0}
		{66E9F6C5-28DB-4218-81B9-31E0E146ECC0} = {B4CC5828-9638-42EC-A692-E81E8227DD84}
		{3C39C9BC-0E85-42C0-894C-3561BB93E87F} = {86FF3CD6-7065-40A5-B9D3-FAC961D2AAE0}
		{BF43064B-01F0-4C69-91FB-C2122BAF621D} = {B4CC5828-9638-42EC-A692-E81E8227DD84}
		{892028E5-32F6-45FC-8AB2-90FCBCAC4BF6} = {9FFA4649-52C4-4492-83DF-2F417C8E3819}
		{808F5EA9-EA09-4D72-87B4-5397D43CBA54} = {0015EC44-0BF0-4F05-80CF-72000771F6EB}
		{61877103-313D-4140-8449-834D5D73C72E} = {B4CC5828-9638-42EC-A692-E81E8227DD84}
		{79FE382A-C29C-4C32-A028-B8D1ABDF51B0} = {B60F7D25-F7B1-4D91-AC59-34AE02E7E1C5}
		{57ABAF22-837A-4DA3-9C92-1BA37CCFA550} = {B60F7D25-F7B1-4D91-AC59-34AE02E7E1C5}
		{4EB9794B-1F12-48CE-ADC1-917E9810F29E} = {9FFA4649-52C4-4492-83DF-2F417C8E3819}
		{7A1C7F0B-ECB3-4C98-B74E-E5BBA63BA4A7} = {0015EC44-0BF0-4F05-80CF-72000771F6EB}
		{0F60DFD9-208E-443E-8D01-43C902B458A6} = {9FFA4649-52C4-4492-83DF-2F417C8E3819}
		{51979337-0180-48BD-BAD9-8AEF57FEF96D} = {0015EC44-0BF0-4F05-80CF-72000771F6EB}
		{F7D9E1CD-298D-465A-82D2-8778C860BC46} = {86FF3CD6-7065-40A5-B9D3-FAC961D2AAE0}
		{5DDBA061-53A0-4835-8AAF-943F403F924F} = {6DCB803B-9FCE-456C-87B9-1365F59BD190}
		{BE924A9E-AE24-42A6-9C7C-EABC506A33C9} = {6DCB803B-9FCE-456C-87B9-1365F59BD190}
		{34B60AAC-4646-4AA8-A267-9A5DD7C097D5} = {6DCB803B-9FCE-456C-87B9-1365F59BD190}
		{CEE032ED-B0D3-47F8-BDAE-D46757B0061B} = {6DCB803B-9FCE-456C-87B9-1365F59BD190}
		{2B343210-86AB-4153-9A6C-945E4AF54C7C} = {6DCB803B-9FCE-456C-87B9-1365F59BD190}
		{CA23D648-DAEF-4F06-81D5-FE619BD31F0B} = {6DCB803B-9FCE-456C-87B9-1365F59BD190}
		{08A704D8-CA1C-45E9-8EDE-542A1A43B53E} = {B4CC5828-9638-42EC-A692-E81E8227DD84}
		{807370FB-ADE0-403A-A278-DF50893E5F94} = {61877103-313D-4140-8449-834D5D73C72E}
		{C73AA532-E532-4D93-9279-905444653C08} = {B4CC5828-9638-42EC-A692-E81E8227DD84}
		{F9BD47F5-4AA3-4BA3-91F2-2AC7B270299C} = {AE6C0AE0-2EEF-4590-BAE8-5888B89E22C5}
		{8F86D067-2437-46FC-8F82-4D7155CECED7} = {6DCB803B-9FCE-456C-87B9-1365F59BD190}
		{14903B1E-26A7-4B57-B67C-5AB5BB4C1598} = {EE0F3840-488A-4F7B-9536-43610BBD8A1B}
		{EE0F3840-488A-4F7B-9536-43610BBD8A1B} = {0015EC44-0BF0-4F05-80CF-72000771F6EB}
		{2E571D96-1196-45D4-AE13-F05CEB1F23C8} = {EE0F3840-488A-4F7B-9536-43610BBD8A1B}
		{8524C555-B172-46EF-BE42-7B7B7BB102E4} = {0015EC44-0BF0-4F05-80CF-72000771F6EB}
	EndGlobalSection
	GlobalSection(ExtensibilityGlobals) = postSolution
		SolutionGuid = {485BBDCE-E37E-4C3F-A336-A96029B45E1B}
	EndGlobalSection
	GlobalSection(SharedMSBuildProjectFiles) = preSolution
		IntelPresentMon\Shaders\Shaders.vcxitems*{3c80b001-e165-4e0e-a92d-5767cf4fb1f8}*SharedItemsImports = 4
		IntelPresentMon\Shaders\Shaders.vcxitems*{51979337-0180-48bd-bad9-8aef57fef96d}*SharedItemsImports = 9
	EndGlobalSection
EndGlobal
