<?xml version="1.0" encoding="utf-8"?>
<Project ToolsVersion="4.0" xmlns="http://schemas.microsoft.com/developer/msbuild/2003">
  <ItemGroup>
    <Filter Include="Source Files">
      <UniqueIdentifier>{4FC737F1-C7A5-4376-A066-2A32D752A2FF}</UniqueIdentifier>
      <Extensions>cpp;c;cc;cxx;c++;cppm;ixx;def;odl;idl;hpj;bat;asm;asmx</Extensions>
    </Filter>
    <Filter Include="Header Files">
      <UniqueIdentifier>{93995380-89BD-4b04-88EB-625FBE52EBFB}</UniqueIdentifier>
      <Extensions>h;hh;hpp;hxx;h++;hm;inl;inc;ipp;xsd</Extensions>
    </Filter>
    <Filter Include="Resource Files">
      <UniqueIdentifier>{67DA6AB6-F800-4c08-8B7A-83BB121AAD01}</UniqueIdentifier>
      <Extensions>rc;ico;cur;bmp;dlg;rc2;rct;bin;rgs;gif;jpg;jpeg;jpe;resx;tiff;tif;png;wav;mfcribbon-ms</Extensions>
    </Filter>
  </ItemGroup>
  <ItemGroup>
    <ClInclude Include="cli\CliFramework.h">
      <Filter>Header Files</Filter>
    </ClInclude>
    <ClInclude Include="str\String.h">
      <Filter>Header Files</Filter>
    </ClInclude>
    <ClInclude Include="Memory.h">
      <Filter>Header Files</Filter>
    </ClInclude>
    <ClInclude Include="Hash.h">
      <Filter>Header Files</Filter>
    </ClInclude>
    <ClInclude Include="Meta.h">
      <Filter>Header Files</Filter>
    </ClInclude>
    <ClInclude Include="log\BasicFileDriver.h">
      <Filter>Header Files</Filter>
    </ClInclude>
    <ClInclude Include="log\MsvcDebugDriver.h">
      <Filter>Header Files</Filter>
    </ClInclude>
    <ClInclude Include="log\Channel.h">
      <Filter>Header Files</Filter>
    </ClInclude>
    <ClInclude Include="log\Entry.h">
      <Filter>Header Files</Filter>
    </ClInclude>
    <ClInclude Include="log\EntryBuilder.h">
      <Filter>Header Files</Filter>
    </ClInclude>
    <ClInclude Include="log\IChannel.h">
      <Filter>Header Files</Filter>
    </ClInclude>
    <ClInclude Include="log\IDriver.h">
      <Filter>Header Files</Filter>
    </ClInclude>
    <ClInclude Include="log\IPolicy.h">
      <Filter>Header Files</Filter>
    </ClInclude>
    <ClInclude Include="log\ITextFormatter.h">
      <Filter>Header Files</Filter>
    </ClInclude>
    <ClInclude Include="log\Level.h">
      <Filter>Header Files</Filter>
    </ClInclude>
    <ClInclude Include="log\Log.h">
      <Filter>Header Files</Filter>
    </ClInclude>
    <ClInclude Include="log\TextFormatter.h">
      <Filter>Header Files</Filter>
    </ClInclude>
    <ClInclude Include="win\Utilities.h">
      <Filter>Header Files</Filter>
    </ClInclude>
    <ClInclude Include="win\WinAPI.h">
      <Filter>Header Files</Filter>
    </ClInclude>
    <ClInclude Include="log\IFileStrategy.h">
      <Filter>Header Files</Filter>
    </ClInclude>
    <ClInclude Include="log\SimpleFileStrategy.h">
      <Filter>Header Files</Filter>
    </ClInclude>
    <ClInclude Include="log\PanicLogger.h">
      <Filter>Header Files</Filter>
    </ClInclude>
    <ClInclude Include="log\GlobalPolicy.h">
      <Filter>Header Files</Filter>
    </ClInclude>
    <ClInclude Include="log\StackTrace.h">
      <Filter>Header Files</Filter>
    </ClInclude>
    <ClInclude Include="log\StackTraceCereal.h">
      <Filter>Header Files</Filter>
    </ClInclude>
    <ClInclude Include="log\EntryCereal.h">
      <Filter>Header Files</Filter>
    </ClInclude>
    <ClInclude Include="log\IEntryMarshallReceiver.h">
      <Filter>Header Files</Filter>
    </ClInclude>
    <ClInclude Include="log\EntryMarshallInjector.h">
      <Filter>Header Files</Filter>
    </ClInclude>
    <ClInclude Include="log\IEntryMarshallSender.h">
      <Filter>Header Files</Filter>
    </ClInclude>
    <ClInclude Include="log\MarshallDriver.h">
      <Filter>Header Files</Filter>
    </ClInclude>
    <ClInclude Include="log\NamedPipeMarshallSender.h">
      <Filter>Header Files</Filter>
    </ClInclude>
    <ClInclude Include="log\NamedPipeMarshallReceiver.h">
      <Filter>Header Files</Filter>
    </ClInclude>
    <ClInclude Include="win\Handle.h">
      <Filter>Header Files</Filter>
    </ClInclude>
    <ClInclude Include="win\Overlapped.h">
      <Filter>Header Files</Filter>
    </ClInclude>
    <ClInclude Include="win\Event.h">
      <Filter>Header Files</Filter>
    </ClInclude>
    <ClInclude Include="log\IdentificationTable.h">
      <Filter>Header Files</Filter>
    </ClInclude>
    <ClInclude Include="log\MarshallingProtocol.h">
      <Filter>Header Files</Filter>
    </ClInclude>
    <ClInclude Include="log\LineTable.h">
      <Filter>Header Files</Filter>
    </ClInclude>
    <ClInclude Include="log\LinePolicy.h">
      <Filter>Header Files</Filter>
    </ClInclude>
    <ClInclude Include="log\ErrorCode.h">
      <Filter>Header Files</Filter>
    </ClInclude>
    <ClInclude Include="log\ErrorCodeResolver.h">
      <Filter>Header Files</Filter>
    </ClInclude>
    <ClInclude Include="log\IErrorCodeResolver.h">
      <Filter>Header Files</Filter>
    </ClInclude>
    <ClInclude Include="log\IErrorCodeProvider.h">
      <Filter>Header Files</Filter>
    </ClInclude>
    <ClInclude Include="win\HrErrorCodeProvider.h">
      <Filter>Header Files</Filter>
    </ClInclude>
    <ClInclude Include="log\ErrorCodeResolvePolicy.h">
      <Filter>Header Files</Filter>
    </ClInclude>
    <ClInclude Include="Exception.h">
      <Filter>Header Files</Filter>
    </ClInclude>
    <ClInclude Include="mt\Thread.h">
      <Filter>Header Files</Filter>
    </ClInclude>
    <ClInclude Include="log\CopyDriver.h">
      <Filter>Header Files</Filter>
    </ClInclude>
    <ClInclude Include="log\HrLogger.h">
      <Filter>Header Files</Filter>
    </ClInclude>
    <ClInclude Include="log\IChannelObject.h">
      <Filter>Header Files</Filter>
    </ClInclude>
    <ClInclude Include="log\IChannelComponent.h">
      <Filter>Header Files</Filter>
    </ClInclude>
    <ClInclude Include="log\TimePoint.h">
      <Filter>Header Files</Filter>
    </ClInclude>
    <ClInclude Include="Math.h">
      <Filter>Header Files</Filter>
    </ClInclude>
    <ClInclude Include="log\Subsystem.h">
      <Filter>Header Files</Filter>
    </ClInclude>
    <ClInclude Include="log\DiagnosticDriver.h">
      <Filter>Header Files</Filter>
    </ClInclude>
    <ClInclude Include="log\GlogShim.h">
      <Filter>Header Files</Filter>
    </ClInclude>
    <ClInclude Include="log\StdioDriver.h">
      <Filter>Header Files</Filter>
    </ClInclude>
    <ClInclude Include="log\ChannelFlusher.h">
      <Filter>Header Files</Filter>
    </ClInclude>
    <ClInclude Include="pipe\Pipe.h">
      <Filter>Header Files</Filter>
    </ClInclude>
    <ClInclude Include="pipe\CoroMutex.h">
      <Filter>Header Files</Filter>
    </ClInclude>
    <ClInclude Include="Macro.h">
      <Filter>Header Files</Filter>
    </ClInclude>
    <ClInclude Include="log\StructDump.h">
      <Filter>Header Files</Filter>
    </ClInclude>
    <ClInclude Include="third\reflect.hpp">
      <Filter>Header Files</Filter>
    </ClInclude>
    <ClInclude Include="PrecisionWaiter.h">
      <Filter>Header Files</Filter>
    </ClInclude>
    <ClInclude Include="Qpc.h">
      <Filter>Header Files</Filter>
    </ClInclude>
    <ClInclude Include="IntervalWaiter.h">
      <Filter>Header Files</Filter>
    </ClInclude>
    <ClInclude Include="rng\PairToRange.h">
      <Filter>Header Files</Filter>
    </ClInclude>
    <ClInclude Include="pipe\SecurityMode.h">
      <Filter>Header Files</Filter>
    </ClInclude>
    <ClInclude Include="pipe\WrapAsio.h">
      <Filter>Header Files</Filter>
    </ClInclude>
    <ClInclude Include="reg\Registry.h">
      <Filter>Header Files</Filter>
    </ClInclude>
  </ItemGroup>
  <ItemGroup>
    <ClCompile Include="cli\CliFramework.cpp">
      <Filter>Source Files</Filter>
    </ClCompile>
    <ClCompile Include="str\String.cpp">
      <Filter>Source Files</Filter>
    </ClCompile>
    <ClCompile Include="Hash.cpp">
      <Filter>Source Files</Filter>
    </ClCompile>
    <ClCompile Include="log\BasicFileDriver.cpp">
      <Filter>Source Files</Filter>
    </ClCompile>
    <ClCompile Include="log\Channel.cpp">
      <Filter>Source Files</Filter>
    </ClCompile>
    <ClCompile Include="log\EntryBuilder.cpp">
      <Filter>Source Files</Filter>
    </ClCompile>
    <ClCompile Include="log\Level.cpp">
      <Filter>Source Files</Filter>
    </ClCompile>
    <ClCompile Include="log\Log.cpp">
      <Filter>Source Files</Filter>
    </ClCompile>
    <ClCompile Include="log\MsvcDebugDriver.cpp">
      <Filter>Source Files</Filter>
    </ClCompile>
    <ClCompile Include="log\TextFormatter.cpp">
      <Filter>Source Files</Filter>
    </ClCompile>
    <ClCompile Include="win\Utilities.cpp">
      <Filter>Source Files</Filter>
    </ClCompile>
    <ClCompile Include="log\SimpleFileStrategy.cpp">
      <Filter>Source Files</Filter>
    </ClCompile>
    <ClCompile Include="log\PanicLogger.cpp">
      <Filter>Source Files</Filter>
    </ClCompile>
    <ClCompile Include="log\GlobalPolicy.cpp">
      <Filter>Source Files</Filter>
    </ClCompile>
    <ClCompile Include="log\StackTrace.cpp">
      <Filter>Source Files</Filter>
    </ClCompile>
    <ClCompile Include="log\EntryMarshallInjector.cpp">
      <Filter>Source Files</Filter>
    </ClCompile>
    <ClCompile Include="log\MarshallDriver.cpp">
      <Filter>Source Files</Filter>
    </ClCompile>
    <ClCompile Include="log\NamedPipeMarshallSender.cpp">
      <Filter>Source Files</Filter>
    </ClCompile>
    <ClCompile Include="log\NamedPipeMarshallReceiver.cpp">
      <Filter>Source Files</Filter>
    </ClCompile>
    <ClCompile Include="win\Handle.cpp">
      <Filter>Source Files</Filter>
    </ClCompile>
    <ClCompile Include="win\Event.cpp">
      <Filter>Source Files</Filter>
    </ClCompile>
    <ClCompile Include="log\IdentificationTable.cpp">
      <Filter>Source Files</Filter>
    </ClCompile>
    <ClCompile Include="log\LineTable.cpp">
      <Filter>Source Files</Filter>
    </ClCompile>
    <ClCompile Include="log\LinePolicy.cpp">
      <Filter>Source Files</Filter>
    </ClCompile>
    <ClCompile Include="log\ErrorCodeResolver.cpp">
      <Filter>Source Files</Filter>
    </ClCompile>
    <ClCompile Include="win\HrErrorCodeProvider.cpp">
      <Filter>Source Files</Filter>
    </ClCompile>
    <ClCompile Include="log\ErrorCode.cpp">
      <Filter>Source Files</Filter>
    </ClCompile>
    <ClCompile Include="log\ErrorCodeResolvePolicy.cpp">
      <Filter>Source Files</Filter>
    </ClCompile>
    <ClCompile Include="Exception.cpp">
      <Filter>Source Files</Filter>
    </ClCompile>
    <ClCompile Include="mt\Thread.cpp">
      <Filter>Source Files</Filter>
    </ClCompile>
    <ClCompile Include="log\CopyDriver.cpp">
      <Filter>Source Files</Filter>
    </ClCompile>
    <ClCompile Include="log\HrLogger.cpp">
      <Filter>Source Files</Filter>
    </ClCompile>
    <ClCompile Include="log\TimePoint.cpp">
      <Filter>Source Files</Filter>
    </ClCompile>
    <ClCompile Include="log\Subsystem.cpp">
      <Filter>Source Files</Filter>
    </ClCompile>
    <ClCompile Include="log\DiagnosticDriver.cpp">
      <Filter>Source Files</Filter>
    </ClCompile>
    <ClCompile Include="log\StdioDriver.cpp">
      <Filter>Source Files</Filter>
    </ClCompile>
    <ClCompile Include="log\ChannelFlusher.cpp">
      <Filter>Source Files</Filter>
    </ClCompile>
    <ClCompile Include="pipe\Pipe.cpp">
      <Filter>Source Files</Filter>
    </ClCompile>
    <ClCompile Include="pipe\CoroMutex.cpp">
      <Filter>Source Files</Filter>
    </ClCompile>
    <ClCompile Include="PrecisionWaiter.cpp">
      <Filter>Source Files</Filter>
    </ClCompile>
    <ClCompile Include="Qpc.cpp">
      <Filter>Source Files</Filter>
    </ClCompile>
    <ClCompile Include="IntervalWaiter.cpp">
      <Filter>Source Files</Filter>
    </ClCompile>
  </ItemGroup>
  <ItemGroup>
    <None Include="vcpkg.json" />
  </ItemGroup>
</Project>