<?xml version="1.0" encoding="utf-8"?>
<Project ToolsVersion="4.0" xmlns="http://schemas.microsoft.com/developer/msbuild/2003">
  <ItemGroup>
    <ClCompile Include="CommandLine.cpp" />
    <ClCompile Include="Console.cpp" />
    <ClCompile Include="ConsumerThread.cpp" />
    <ClCompile Include="CsvOutput.cpp" />
    <ClCompile Include="MainThread.cpp" />
    <ClCompile Include="OutputThread.cpp" />
    <ClCompile Include="Privilege.cpp" />
  </ItemGroup>
  <ItemGroup>
    <ClInclude Include="PresentMon.hpp" />
    <ClInclude Include="..\build\obj\generated\version.h">
      <Filter>generated</Filter>
    </ClInclude>
  </ItemGroup>
  <ItemGroup>
    <Filter Include="generated">
      <UniqueIdentifier>{f09f81fa-1336-4ff5-8273-d1c8f9c8871e}</UniqueIdentifier>
    </Filter>
  </ItemGroup>
  <ItemGroup>
    <None Include="..\README-ConsoleApplication.md" />
  </ItemGroup>
</Project>