<?xml version="1.0" encoding="utf-8"?>
<Project ToolsVersion="4.0" xmlns="http://schemas.microsoft.com/developer/msbuild/2003">
  <ItemGroup>
    <Filter Include="Resource Files">
      <UniqueIdentifier>{67DA6AB6-F800-4c08-8B7A-83BB121AAD01}</UniqueIdentifier>
      <Extensions>rc;ico;cur;bmp;dlg;rc2;rct;bin;rgs;gif;jpg;jpeg;jpe;resx;tiff;tif;png;wav;mfcribbon-ms</Extensions>
    </Filter>
  </ItemGroup>
  <ItemGroup>
    <ClCompile Include="source\pmon\PresentMode.cpp" />
    <ClCompile Include="source\svc\Boot.cpp" />
    <ClCompile Include="source\pmon\Client.cpp" />
    <ClCompile Include="source\cons\ConsoleWaitControl.cpp" />
    <ClCompile Include="source\dat\CsvWriter.cpp" />
    <ClCompile Include="source\Entry.cpp" />
    <ClCompile Include="source\dat\FrameDemultiplexer.cpp" />
    <ClCompile Include="source\dat\FrameFilterPump.cpp" />
    <ClCompile Include="source\opt\Framework.cpp" />
    <ClCompile Include="source\pmon\stream\LiveFrameDataStream.cpp" />
    <ClCompile Include="source\pmon\stream\LoggedFrameDataState.cpp" />
    <ClCompile Include="source\pmon\stream\LoggedFrameDataStream.cpp" />
    <ClCompile Include="source\dat\MakeCsvName.cpp" />
    <ClCompile Include="source\opt\Options.cpp" />
  </ItemGroup>
  <ItemGroup>
    <ClInclude Include="source\pmon\AdapterInfo.h" />
    <ClInclude Include="source\svc\Boot.h" />
    <ClInclude Include="source\pmon\Client.h" />
    <ClInclude Include="source\dat\ColumnGroups.h" />
    <ClInclude Include="source\dat\Columns.h" />
    <ClInclude Include="source\cons\ConsoleWaitControl.h" />
    <ClInclude Include="source\dat\CsvWriter.h" />
    <ClInclude Include="source\Entry.h" />
    <ClInclude Include="source\pmon\FrameDataStream.h" />
    <ClInclude Include="source\dat\FrameDemultiplexer.h" />
    <ClInclude Include="source\dat\FrameFilterPump.h" />
    <ClInclude Include="source\dat\FrameSink.h" />
    <ClInclude Include="source\opt\Framework.h" />
    <ClInclude Include="source\pmon\stream\LiveFrameDataStream.h" />
    <ClInclude Include="source\pmon\stream\LoggedFrameDataState.h" />
    <ClInclude Include="source\pmon\stream\LoggedFrameDataStream.h" />
    <ClInclude Include="source\dat\MakeCsvName.h" />
    <ClInclude Include="source\cons\OptionalConsoleOut.h" />
    <ClInclude Include="source\opt\Options.h" />
    <ClInclude Include="source\pmon\PresentMode.h" />
  </ItemGroup>
</Project>