<?xml version="1.0" encoding="utf-8"?>
<Project ToolsVersion="4.0" xmlns="http://schemas.microsoft.com/developer/msbuild/2003">
  <ItemGroup>
    <ClInclude Include="source\win\WndClass.h" />
    <ClInclude Include="source\gfx\base\Geometry.h" />
    <ClInclude Include="source\win\MessageMap.h" />
    <ClInclude Include="source\win\OverlayWindow.h" />
    <ClInclude Include="source\win\StandardWindow.h" />
    <ClInclude Include="source\win\WinAPI.h" />
    <ClInclude Include="source\win\Window.h" />
    <ClInclude Include="source\gfx\base\ComPtr.h" />
    <ClInclude Include="source\gfx\Graphics.h" />
    <ClInclude Include="source\gfx\base\InternalGeometry.h" />
    <ClInclude Include="source\gfx\layout\Element.h" />
    <ClInclude Include="source\gfx\layout\Geometry.h" />
    <ClInclude Include="source\gfx\layout\AxisMapping.h" />
    <ClInclude Include="source\kernel\Kernel.h" />
    <ClInclude Include="source\win\MessageBox.h" />
    <ClInclude Include="source\gfx\prim\RectPrimitive.h" />
    <ClInclude Include="source\gfx\prim\RetainedPrimitive.h" />
    <ClInclude Include="source\gfx\prim\DrawablePrimitive.h" />
    <ClInclude Include="source\gfx\prim\BrushPrimitive.h" />
    <ClInclude Include="source\gfx\prim\RectBorderPrimitive.h" />
    <ClInclude Include="source\gfx\prim\TextPrimitive.h" />
    <ClInclude Include="source\gfx\prim\TextStylePrimitive.h" />
    <ClInclude Include="source\gfx\prim\Enums.h" />
    <ClInclude Include="source\gfx\prim\EnumConversion.h" />
    <ClInclude Include="source\gfx\layout\TextElement.h" />
    <ClInclude Include="source\gfx\layout\FlexElement.h" />
    <ClInclude Include="source\gfx\layout\Enums.h" />
    <ClInclude Include="source\gfx\layout\GraphElement.h" />
    <ClInclude Include="source\gfx\layout\LinePlotElement.h" />
    <ClInclude Include="source\gfx\layout\GraphData.h" />
    <ClInclude Include="source\gfx\impl\FastRenderer.h" />
    <ClInclude Include="source\gfx\layout\HistogramPlotElement.h" />
    <ClInclude Include="source\gfx\layout\PlotElement.h" />
    <ClInclude Include="source\gfx\prim\ForwardInterfaces.h" />
    <ClInclude Include="source\gfx\prim\RectMultiBorderPrimitive.h" />
    <ClInclude Include="source\win\EventHookManager.h" />
    <ClInclude Include="source\win\Util.h" />
    <ClInclude Include="source\win\ProcessMapBuilder.h" />
    <ClInclude Include="source\win\EventHookHandler.h" />
    <ClInclude Include="source\kernel\Overlay.h" />
    <ClInclude Include="source\kernel\WindowMoveHandler.h" />
    <ClInclude Include="source\win\Process.h" />
    <ClInclude Include="source\kernel\OverlaySpec.h" />
    <ClInclude Include="source\gfx\layout\style\Selector.h" />
    <ClInclude Include="source\gfx\layout\style\Attributes.h" />
    <ClInclude Include="source\gfx\layout\style\Stylesheet.h" />
    <ClInclude Include="source\gfx\layout\style\StyleCompiler.h" />
    <ClInclude Include="source\gfx\layout\style\StyleResolver.h" />
    <ClInclude Include="source\gfx\layout\style\RawAttributeValue.h" />
    <ClInclude Include="source\gfx\layout\style\AttributeUtils.h" />
    <ClInclude Include="source\gfx\layout\style\SpecialAttributes.h" />
    <ClInclude Include="source\gfx\layout\style\StyleProcessor.h" />
    <ClInclude Include="source\gfx\layout\style\ReadOnlyAttributes.h" />
    <ClInclude Include="source\gfx\layout\style\RawAttributeHelpers.h" />
    <ClInclude Include="source\gfx\layout\EnumUtils.h" />
    <ClInclude Include="source\pmon\Timekeeper.h" />
    <ClInclude Include="source\pmon\PresentMon.h" />
    <ClInclude Include="source\meta\TypeFromMember.h" />
    <ClInclude Include="source\pmon\RawFrameDataWriter.h" />
    <ClInclude Include="source\pmon\metric\MetricFetcher.h" />
    <ClInclude Include="source\kernel\TargetLostException.h" />
    <ClInclude Include="source\kernel\KernelHandler.h" />
    <ClInclude Include="source\win\Key.h" />
    <ClInclude Include="source\win\ModSet.h" />
    <ClInclude Include="source\infra\util\FolderResolver.h" />
    <ClInclude Include="source\infra\util\CooldownTimer.h" />
    <ClInclude Include="source\gfx\layout\ReadoutElement.h" />
    <ClInclude Include="source\kernel\WindowActivateHandler.h" />
    <ClInclude Include="source\kernel\OverlayContainer.h" />
    <ClInclude Include="source\win\com\ComManager.h" />
    <ClInclude Include="source\win\com\WbemConnection.h" />
    <ClInclude Include="source\win\com\WbemListener.h" />
    <ClInclude Include="source\win\com\WbemSink.h" />
    <ClInclude Include="source\win\com\Comdef.h" />
    <ClInclude Include="source\kernel\WindowSpawnHandler.h" />
    <ClInclude Include="source\win\KernelWindow.h" />
    <ClInclude Include="source\win\com\ProcessSpawnSink.h" />
    <ClInclude Include="source\pmon\StatisticsTracker.h" />
    <ClInclude Include="source\infra\util\Meta.h" />
    <ClInclude Include="source\win\GpuUtilization.h" />
    <ClInclude Include="source\pmon\AdapterInfo.h" />
    <ClInclude Include="source\pmon\metric\DynamicPollingFetcher.h" />
    <ClInclude Include="source\pmon\DynamicQuery.h" />
    <ClInclude Include="source\kernel\DataFetchPack.h" />
    <ClInclude Include="source\pmon\MetricFetcherFactory.h" />
    <ClInclude Include="source\kernel\MetricPackMapper.h" />
    <ClInclude Include="source\pmon\RawFrameDataMetricList.h" />
    <ClInclude Include="source\cli\CliOptions.h" />
    <ClInclude Include="source\gfx\Exception.h" />
    <ClInclude Include="source\infra\LogSetup.h" />
    <ClInclude Include="source\infra\Logging.h" />
  </ItemGroup>
  <ItemGroup>
    <ClCompile Include="source\win\MessageMap.cpp" />
    <ClCompile Include="source\win\OverlayWindow.cpp" />
    <ClCompile Include="source\win\StandardWindow.cpp" />
    <ClCompile Include="source\win\Window.cpp" />
    <ClCompile Include="source\win\WndClass.cpp" />
    <ClCompile Include="source\gfx\Graphics.cpp" />
    <ClCompile Include="source\gfx\layout\Element.cpp" />
    <ClCompile Include="source\gfx\layout\AxisMapping.cpp" />
    <ClCompile Include="source\win\MessageBox.cpp" />
    <ClCompile Include="source\gfx\prim\RetainedPrimitive.cpp" />
    <ClCompile Include="source\gfx\prim\RectPrimitive.cpp" />
    <ClCompile Include="source\gfx\prim\BrushPrimitive.cpp" />
    <ClCompile Include="source\gfx\prim\RectBorderPrimitive.cpp" />
    <ClCompile Include="source\gfx\prim\TextPrimitive.cpp" />
    <ClCompile Include="source\gfx\prim\TextStylePrimitive.cpp" />
    <ClCompile Include="source\gfx\prim\EnumConversion.cpp" />
    <ClCompile Include="source\gfx\layout\TextElement.cpp" />
    <ClCompile Include="source\gfx\layout\FlexElement.cpp" />
    <ClCompile Include="source\kernel\Kernel.cpp" />
    <ClCompile Include="source\gfx\layout\GraphElement.cpp" />
    <ClCompile Include="source\gfx\layout\LinePlotElement.cpp" />
    <ClCompile Include="source\gfx\layout\GraphData.cpp" />
    <ClCompile Include="source\gfx\impl\FastRenderer.cpp" />
    <ClCompile Include="source\gfx\layout\HistogramPlotElement.cpp" />
    <ClCompile Include="source\gfx\layout\PlotElement.cpp" />
    <ClCompile Include="source\gfx\prim\RectMultiBorderPrimitive.cpp" />
    <ClCompile Include="source\win\ProcessMapBuilder.cpp" />
    <ClCompile Include="source\win\EventHookManager.cpp" />
    <ClCompile Include="source\win\WinAPI.cpp" />
    <ClCompile Include="source\kernel\WindowMoveHandler.cpp" />
    <ClCompile Include="source\kernel\Overlay.cpp" />
    <ClCompile Include="source\gfx\layout\style\Selector.cpp" />
    <ClCompile Include="source\gfx\layout\style\StyleCompiler.cpp" />
    <ClCompile Include="source\gfx\layout\style\Stylesheet.cpp" />
    <ClCompile Include="source\gfx\layout\style\RawAttributeHelpers.cpp" />
    <ClCompile Include="source\pmon\Timekeeper.cpp" />
    <ClCompile Include="source\pmon\PresentMon.cpp" />
    <ClCompile Include="source\pmon\RawFrameDataWriter.cpp" />
    <ClCompile Include="source\win\Key.cpp" />
    <ClCompile Include="source\win\ModSet.cpp" />
    <ClCompile Include="source\infra\util\FolderResolver.cpp" />
    <ClCompile Include="source\pmon\metric\MetricFetcher.cpp" />
    <ClCompile Include="source\infra\util\CooldownTimer.cpp" />
    <ClCompile Include="source\gfx\layout\ReadoutElement.cpp" />
    <ClCompile Include="source\kernel\WindowActivateHandler.cpp" />
    <ClCompile Include="source\kernel\OverlayContainer.cpp" />
    <ClCompile Include="source\win\com\ComManager.cpp" />
    <ClCompile Include="source\win\com\WbemConnection.cpp" />
    <ClCompile Include="source\win\com\WbemListener.cpp" />
    <ClCompile Include="source\win\com\WbemSink.cpp" />
    <ClCompile Include="source\kernel\WindowSpawnHandler.cpp" />
    <ClCompile Include="source\win\com\ProcessSpawnSink.cpp" />
    <ClCompile Include="source\pmon\StatisticsTracker.cpp" />
    <ClCompile Include="source\win\GpuUtilization.cpp" />
    <ClCompile Include="source\pmon\DynamicQuery.cpp" />
    <ClCompile Include="source\pmon\metric\DynamicPollingFetcher.cpp" />
    <ClCompile Include="source\infra\LogSetup.cpp" />
  </ItemGroup>
  <ItemGroup>
    <None Include="cpp.hint" />
  </ItemGroup>
</Project>