<?xml version="1.0" encoding="utf-8"?>
<Project ToolsVersion="4.0" xmlns="http://schemas.microsoft.com/developer/msbuild/2003">
  <ItemGroup>
    <ClCompile Include="dllmain.cpp" />
  </ItemGroup>
  <ItemGroup>
    <Filter Include="generated">
      <UniqueIdentifier>{cff488e2-e6d3-4e8c-8438-388da3e2da5c}</UniqueIdentifier>
    </Filter>
  </ItemGroup>
  <ItemGroup>
    <ResourceCompile Include="$(IntDir)\Intel-PresentMon.rc">
      <Filter>generated</Filter>
    </ResourceCompile>
    <ResourceCompile Include="Version.rc" />
  </ItemGroup>
  <ItemGroup>
    <CustomBuild Include="Intel-PresentMon.man" />
  </ItemGroup>
</Project>