<?xml version="1.0" encoding="utf-8"?>
<Project ToolsVersion="4.0" xmlns="http://schemas.microsoft.com/developer/msbuild/2003">
  <ItemGroup>
    <Filter Include="Source Files">
      <UniqueIdentifier>{4FC737F1-C7A5-4376-A066-2A32D752A2FF}</UniqueIdentifier>
      <Extensions>cpp;c;cc;cxx;c++;cppm;ixx;def;odl;idl;hpj;bat;asm;asmx</Extensions>
    </Filter>
    <Filter Include="Header Files">
      <UniqueIdentifier>{93995380-89BD-4b04-88EB-625FBE52EBFB}</UniqueIdentifier>
      <Extensions>h;hh;hpp;hxx;h++;hm;inl;inc;ipp;xsd</Extensions>
    </Filter>
    <Filter Include="Resource Files">
      <UniqueIdentifier>{67DA6AB6-F800-4c08-8B7A-83BB121AAD01}</UniqueIdentifier>
      <Extensions>rc;ico;cur;bmp;dlg;rc2;rct;bin;rgs;gif;jpg;jpeg;jpe;resx;tiff;tif;png;wav;mfcribbon-ms</Extensions>
    </Filter>
  </ItemGroup>
  <ItemGroup>
    <ClInclude Include="WrapUtils.h">
      <Filter>Header Files</Filter>
    </ClInclude>
    <ClInclude Include="Custom\API_D3D11.h">
      <Filter>Header Files</Filter>
    </ClInclude>
    <ClInclude Include="Custom\Extensions.h">
      <Filter>Header Files</Filter>
    </ClInclude>
    <ClInclude Include="Custom\IUnknown_Wrapper.h">
      <Filter>Header Files</Filter>
    </ClInclude>
    <ClInclude Include="Custom\PrePostCalls.h">
      <Filter>Header Files</Filter>
    </ClInclude>
    <ClInclude Include="Extension\DXGIOverlay.h">
      <Filter>Header Files</Filter>
    </ClInclude>
    <ClInclude Include="Extension\OverlayRenderer.h">
      <Filter>Header Files</Filter>
    </ClInclude>
    <ClInclude Include="Extension\OverlayRenderer_D3D10.h">
      <Filter>Header Files</Filter>
    </ClInclude>
    <ClInclude Include="Extension\OverlayRenderer_D3D11.h">
      <Filter>Header Files</Filter>
    </ClInclude>
    <ClInclude Include="Extension\OverlayRenderer_D3D12.h">
      <Filter>Header Files</Filter>
    </ClInclude>
    <ClInclude Include="Extension\Quad.h">
      <Filter>Header Files</Filter>
    </ClInclude>
    <ClInclude Include="Generated\API_DXGI.h">
      <Filter>Header Files</Filter>
    </ClInclude>
    <ClInclude Include="Generated\API_DXGI_Create_Wrappers.h">
      <Filter>Header Files</Filter>
    </ClInclude>
    <ClInclude Include="Hooks\Hooks.h">
      <Filter>Header Files</Filter>
    </ClInclude>
    <ClInclude Include="ApiId.h">
      <Filter>Header Files</Filter>
    </ClInclude>
    <ClInclude Include="Config.h">
      <Filter>Header Files</Filter>
    </ClInclude>
    <ClInclude Include="Context.h">
      <Filter>Header Files</Filter>
    </ClInclude>
    <ClInclude Include="MemoryPool.h">
      <Filter>Header Files</Filter>
    </ClInclude>
    <ClInclude Include="NonCopyable.h">
      <Filter>Header Files</Filter>
    </ClInclude>
    <ClInclude Include="Logging.h">
      <Filter>Header Files</Filter>
    </ClInclude>
    <ClInclude Include="resource.h">
      <Filter>Header Files</Filter>
    </ClInclude>
  </ItemGroup>
  <ItemGroup>
    <ClCompile Include="Custom\API_D3D11.cpp">
      <Filter>Source Files</Filter>
    </ClCompile>
    <ClCompile Include="Custom\IUnknown_Wrapper.cpp">
      <Filter>Source Files</Filter>
    </ClCompile>
    <ClCompile Include="Extension\DXGIOverlay.cpp">
      <Filter>Source Files</Filter>
    </ClCompile>
    <ClCompile Include="Extension\OverlayRenderer.cpp">
      <Filter>Source Files</Filter>
    </ClCompile>
    <ClCompile Include="Extension\OverlayRenderer_D3D10.cpp">
      <Filter>Source Files</Filter>
    </ClCompile>
    <ClCompile Include="Extension\OverlayRenderer_D3D11.cpp">
      <Filter>Source Files</Filter>
    </ClCompile>
    <ClCompile Include="Extension\OverlayRenderer_D3D12.cpp">
      <Filter>Source Files</Filter>
    </ClCompile>
    <ClCompile Include="Extension\Quad.cpp">
      <Filter>Source Files</Filter>
    </ClCompile>
    <ClCompile Include="Generated\API_DXGI.cpp">
      <Filter>Source Files</Filter>
    </ClCompile>
    <ClCompile Include="Generated\API_DXGI_Create_Wrappers.cpp">
      <Filter>Source Files</Filter>
    </ClCompile>
    <ClCompile Include="Hooks\Hooks.cpp">
      <Filter>Source Files</Filter>
    </ClCompile>
    <ClCompile Include="Hooks\Hooks_D3D10.cpp">
      <Filter>Source Files</Filter>
    </ClCompile>
    <ClCompile Include="Hooks\Hooks_D3D11.cpp">
      <Filter>Source Files</Filter>
    </ClCompile>
    <ClCompile Include="Hooks\Hooks_DXGI.cpp">
      <Filter>Source Files</Filter>
    </ClCompile>
    <ClCompile Include="Config.cpp">
      <Filter>Source Files</Filter>
    </ClCompile>
    <ClCompile Include="Context.cpp">
      <Filter>Source Files</Filter>
    </ClCompile>
    <ClCompile Include="DLLMain.cpp">
      <Filter>Source Files</Filter>
    </ClCompile>
    <ClCompile Include="MemoryPool.cpp">
      <Filter>Source Files</Filter>
    </ClCompile>
    <ClCompile Include="WrapUtils.cpp">
      <Filter>Source Files</Filter>
    </ClCompile>
  </ItemGroup>
  <ItemGroup>
    <ResourceCompile Include="FlashInjectorLibrary.rc">
      <Filter>Resource Files</Filter>
    </ResourceCompile>
  </ItemGroup>
</Project>