<?xml version="1.0" encoding="utf-8"?>
<Project ToolsVersion="4.0" xmlns="http://schemas.microsoft.com/developer/msbuild/2003">
  <ItemGroup>
    <Filter Include="Resource Files">
      <UniqueIdentifier>{67DA6AB6-F800-4c08-8B7A-83BB121AAD01}</UniqueIdentifier>
      <Extensions>rc;ico;cur;bmp;dlg;rc2;rct;bin;rgs;gif;jpg;jpeg;jpe;resx;tiff;tif;png;wav;mfcribbon-ms</Extensions>
    </Filter>
    <Filter Include="Amd">
      <UniqueIdentifier>{7be1b9fe-f3a5-48d2-b9f7-4b1ffa529257}</UniqueIdentifier>
    </Filter>
    <Filter Include="Intel">
      <UniqueIdentifier>{6fdc92dc-eee8-4ed8-8d24-9005f36520e3}</UniqueIdentifier>
    </Filter>
    <Filter Include="Nvidia">
      <UniqueIdentifier>{b9383b96-c78b-4e0f-bd7a-bb9eace086ef}</UniqueIdentifier>
    </Filter>
  </ItemGroup>
  <ItemGroup>
    <ClInclude Include="IntelPowerTelemetryAdapter.h">
      <Filter>Intel</Filter>
    </ClInclude>
    <ClInclude Include="IntelPowerTelemetryProvider.h">
      <Filter>Intel</Filter>
    </ClInclude>
    <ClInclude Include="igcl_api.h">
      <Filter>Intel</Filter>
    </ClInclude>
    <ClInclude Include="NvidiaPowerTelemetryAdapter.h">
      <Filter>Nvidia</Filter>
    </ClInclude>
    <ClInclude Include="NvidiaPowerTelemetryProvider.h">
      <Filter>Nvidia</Filter>
    </ClInclude>
    <ClInclude Include="nvapi_interface_table.h">
      <Filter>Nvidia</Filter>
    </ClInclude>
    <ClInclude Include="nvapi.h">
      <Filter>Nvidia</Filter>
    </ClInclude>
    <ClInclude Include="NvapiWrapper.h">
      <Filter>Nvidia</Filter>
    </ClInclude>
    <ClInclude Include="MacroHelpers.h">
      <Filter>Nvidia</Filter>
    </ClInclude>
    <ClInclude Include="DllModule.h">
      <Filter>Nvidia</Filter>
    </ClInclude>
    <ClInclude Include="nvml.h">
      <Filter>Nvidia</Filter>
    </ClInclude>
    <ClInclude Include="NvmlWrapper.h">
      <Filter>Nvidia</Filter>
    </ClInclude>
    <ClInclude Include="SignatureComparison.h">
      <Filter>Nvidia</Filter>
    </ClInclude>
    <ClInclude Include="AmdPowerTelemetryAdapter.h">
      <Filter>Amd</Filter>
    </ClInclude>
    <ClInclude Include="AmdPowerTelemetryProvider.h">
      <Filter>Amd</Filter>
    </ClInclude>
    <ClInclude Include="Adl2Wrapper.h">
      <Filter>Amd</Filter>
    </ClInclude>
    <ClInclude Include="WmiCpu.h">
      <Filter>Intel</Filter>
    </ClInclude>
    <ClInclude Include="CpuTelemetry.h" />
    <ClInclude Include="CpuTelemetryInfo.h" />
    <ClInclude Include="Logging.h" />
    <ClInclude Include="PowerTelemetryAdapter.h" />
    <ClInclude Include="PowerTelemetryProvider.h" />
    <ClInclude Include="PowerTelemetryProviderFactory.h" />
    <ClInclude Include="PresentMonPowerTelemetry.h" />
    <ClInclude Include="TelemetryHistory.h" />
    <ClInclude Include="Exceptions.h" />
    <ClInclude Include="ctlpvttemp_api.h">
      <Filter>Intel</Filter>
    </ClInclude>
    <ClInclude Include="LoggingVerbose.h" />
  </ItemGroup>
  <ItemGroup>
    <ClCompile Include="NvapiWrapper.cpp">
      <Filter>Nvidia</Filter>
    </ClCompile>
    <ClCompile Include="NvidiaPowerTelemetryAdapter.cpp">
      <Filter>Nvidia</Filter>
    </ClCompile>
    <ClCompile Include="NvidiaPowerTelemetryProvider.cpp">
      <Filter>Nvidia</Filter>
    </ClCompile>
    <ClCompile Include="NvmlWrapper.cpp">
      <Filter>Nvidia</Filter>
    </ClCompile>
    <ClCompile Include="SignatureComparison.cpp">
      <Filter>Nvidia</Filter>
    </ClCompile>
    <ClCompile Include="cApiWrapper.cpp">
      <Filter>Intel</Filter>
    </ClCompile>
    <ClCompile Include="IntelPowerTelemetryAdapter.cpp">
      <Filter>Intel</Filter>
    </ClCompile>
    <ClCompile Include="IntelPowerTelemetryProvider.cpp">
      <Filter>Intel</Filter>
    </ClCompile>
    <ClCompile Include="WmiCpu.cpp">
      <Filter>Intel</Filter>
    </ClCompile>
    <ClCompile Include="Adl2Wrapper.cpp">
      <Filter>Amd</Filter>
    </ClCompile>
    <ClCompile Include="AmdPowerTelemetryAdapter.cpp">
      <Filter>Amd</Filter>
    </ClCompile>
    <ClCompile Include="AmdPowerTelemetryProvider.cpp">
      <Filter>Amd</Filter>
    </ClCompile>
    <ClCompile Include="PowerTelemetryProviderFactory.cpp" />
    <ClCompile Include="CpuTelemetry.cpp" />
    <ClCompile Include="ctlpvttempWrapper.cpp">
      <Filter>Intel</Filter>
    </ClCompile>
  </ItemGroup>
</Project>